// !$*UTF8*$!
{
	archiveVersion = 1;
	classes = {
	};
	objectVersion = 55;
	objects = {

/* Begin PBXBuildFile section */
		AD041F8C27A026B200C9A815 /* BrokerNote+CoreDataProperties.swift in Sources */ = {isa = PBXBuildFile; fileRef = AD041F8B27A026B200C9A815 /* BrokerNote+CoreDataProperties.swift */; };
		AD041F9327A0271800C9A815 /* BrokerNote+CoreDataClass.swift in Sources */ = {isa = PBXBuildFile; fileRef = AD041F9127A0271800C9A815 /* BrokerNote+CoreDataClass.swift */; };
		AD041F9927A027A800C9A815 /* BrokerNoteSummaryViewProtocol.swift in Sources */ = {isa = PBXBuildFile; fileRef = AD041F9827A027A800C9A815 /* BrokerNoteSummaryViewProtocol.swift */; };
		AD041F9F27A02DBB00C9A815 /* BrokerNoteSummaryInteractorProtocol.swift in Sources */ = {isa = PBXBuildFile; fileRef = AD041F9E27A02DBB00C9A815 /* BrokerNoteSummaryInteractorProtocol.swift */; };
		AD041FA127A02DDA00C9A815 /* BrokerNoteSummaryPresenterProtocol.swift in Sources */ = {isa = PBXBuildFile; fileRef = AD041FA027A02DDA00C9A815 /* BrokerNoteSummaryPresenterProtocol.swift */; };
		AD041FA527A02E1400C9A815 /* BrokerNoteSummaryWorkerProtocol.swift in Sources */ = {isa = PBXBuildFile; fileRef = AD041FA427A02E1400C9A815 /* BrokerNoteSummaryWorkerProtocol.swift */; };
		AD041FA727A02E3100C9A815 /* BrokerNoteSummaryConfiguratorProtocol.swift in Sources */ = {isa = PBXBuildFile; fileRef = AD041FA627A02E3100C9A815 /* BrokerNoteSummaryConfiguratorProtocol.swift */; };
		AD041FA927A02E6C00C9A815 /* BrokerNoteSummaryTableViewDataSource.swift in Sources */ = {isa = PBXBuildFile; fileRef = AD041FA827A02E6C00C9A815 /* BrokerNoteSummaryTableViewDataSource.swift */; };
		AD041FAB27A02EB700C9A815 /* BrokerNote+ViewModel.swift in Sources */ = {isa = PBXBuildFile; fileRef = AD041FAA27A02EB700C9A815 /* BrokerNote+ViewModel.swift */; };
		AD041FAE27A02FE300C9A815 /* BrokerNoteSummaryTableViewDelegate.swift in Sources */ = {isa = PBXBuildFile; fileRef = AD041FAD27A02FE300C9A815 /* BrokerNoteSummaryTableViewDelegate.swift */; };
		AD041FB027A0309400C9A815 /* BrokerNoteSummaryViewController.swift in Sources */ = {isa = PBXBuildFile; fileRef = AD041FAF27A0309400C9A815 /* BrokerNoteSummaryViewController.swift */; };
		AD041FB227A0324D00C9A815 /* BrokerNoteSummaryInteractor.swift in Sources */ = {isa = PBXBuildFile; fileRef = AD041FB127A0324D00C9A815 /* BrokerNoteSummaryInteractor.swift */; };
		AD041FB427A032DD00C9A815 /* BrokerNoteSummaryPresenter.swift in Sources */ = {isa = PBXBuildFile; fileRef = AD041FB327A032DD00C9A815 /* BrokerNoteSummaryPresenter.swift */; };
		AD041FBA27A03AAB00C9A815 /* BrokerNoteSummaryNavigationController.swift in Sources */ = {isa = PBXBuildFile; fileRef = AD041FB927A03AAB00C9A815 /* BrokerNoteSummaryNavigationController.swift */; };
		AD041FBC27A03B4600C9A815 /* BrokerNoteSummaryConfigurator.swift in Sources */ = {isa = PBXBuildFile; fileRef = AD041FBB27A03B4600C9A815 /* BrokerNoteSummaryConfigurator.swift */; };
		AD041FC027A05E5700C9A815 /* BrokerNoteSummaryWorker.swift in Sources */ = {isa = PBXBuildFile; fileRef = AD041FBF27A05E5700C9A815 /* BrokerNoteSummaryWorker.swift */; };
		AD041FC627A068D500C9A815 /* BrokerNote+extension.swift in Sources */ = {isa = PBXBuildFile; fileRef = AD041FC527A068D500C9A815 /* BrokerNote+extension.swift */; };
		AD041FC827A06A4200C9A815 /* BrokerNoteContentConfiguration.swift in Sources */ = {isa = PBXBuildFile; fileRef = AD041FC727A06A4200C9A815 /* BrokerNoteContentConfiguration.swift */; };
		AD041FCA27A0760400C9A815 /* BrokerNoteContentView.swift in Sources */ = {isa = PBXBuildFile; fileRef = AD041FC927A0760400C9A815 /* BrokerNoteContentView.swift */; };
		AD0D22F8279C1D7700CBA554 /* Box.swift in Sources */ = {isa = PBXBuildFile; fileRef = AD0D22F7279C1D7600CBA554 /* Box.swift */; };
		AD0D22FB279C568500CBA554 /* SummaryViewProtocol.swift in Sources */ = {isa = PBXBuildFile; fileRef = AD0D22FA279C568500CBA554 /* SummaryViewProtocol.swift */; };
		AD0D22FD279C5AFA00CBA554 /* SummaryInteractorProtocol.swift in Sources */ = {isa = PBXBuildFile; fileRef = AD0D22FC279C5AFA00CBA554 /* SummaryInteractorProtocol.swift */; };
		AD0D22FF279C5B1100CBA554 /* SummaryRouterProtocol.swift in Sources */ = {isa = PBXBuildFile; fileRef = AD0D22FE279C5B1100CBA554 /* SummaryRouterProtocol.swift */; };
		AD0D2301279C5B2800CBA554 /* SummaryPresenterProtocol.swift in Sources */ = {isa = PBXBuildFile; fileRef = AD0D2300279C5B2800CBA554 /* SummaryPresenterProtocol.swift */; };
		AD0D2303279C5B3C00CBA554 /* SummaryWorkerProtocol.swift in Sources */ = {isa = PBXBuildFile; fileRef = AD0D2302279C5B3C00CBA554 /* SummaryWorkerProtocol.swift */; };
		AD0D2306279C5B5900CBA554 /* SummaryTableViewDelegate.swift in Sources */ = {isa = PBXBuildFile; fileRef = AD0D2305279C5B5900CBA554 /* SummaryTableViewDelegate.swift */; };
		AD0D2308279C5B7B00CBA554 /* SummaryTableViewDataSource.swift in Sources */ = {isa = PBXBuildFile; fileRef = AD0D2307279C5B7B00CBA554 /* SummaryTableViewDataSource.swift */; };
		AD0D230A279C5BC400CBA554 /* SummaryConfiguratorProtocol.swift in Sources */ = {isa = PBXBuildFile; fileRef = AD0D2309279C5BC400CBA554 /* SummaryConfiguratorProtocol.swift */; };
		AD0D230D279C5C0900CBA554 /* SummaryItem+ViewModel.swift in Sources */ = {isa = PBXBuildFile; fileRef = AD0D230C279C5C0900CBA554 /* SummaryItem+ViewModel.swift */; };
		AD0D230F279C5E6900CBA554 /* SummaryConfigurator.swift in Sources */ = {isa = PBXBuildFile; fileRef = AD0D230E279C5E6900CBA554 /* SummaryConfigurator.swift */; };
		AD0D2311279D8CC900CBA554 /* SummaryViewController.swift in Sources */ = {isa = PBXBuildFile; fileRef = AD0D2310279D8CC900CBA554 /* SummaryViewController.swift */; };
		AD0D2313279D8D4300CBA554 /* SummaryRouter.swift in Sources */ = {isa = PBXBuildFile; fileRef = AD0D2312279D8D4300CBA554 /* SummaryRouter.swift */; };
		AD0D2315279D8D5D00CBA554 /* SummaryWorker.swift in Sources */ = {isa = PBXBuildFile; fileRef = AD0D2314279D8D5D00CBA554 /* SummaryWorker.swift */; };
		AD0D2317279D8DBF00CBA554 /* SummaryPresenter.swift in Sources */ = {isa = PBXBuildFile; fileRef = AD0D2316279D8DBF00CBA554 /* SummaryPresenter.swift */; };
		AD0D2319279D8DE900CBA554 /* SummaryInteractor.swift in Sources */ = {isa = PBXBuildFile; fileRef = AD0D2318279D8DE900CBA554 /* SummaryInteractor.swift */; };
		AD162AC427934D2F00E77FC1 /* TransactionContentView.swift in Sources */ = {isa = PBXBuildFile; fileRef = AD162AC327934D2F00E77FC1 /* TransactionContentView.swift */; };
		AD19B742277E402600D459EA /* Persistence.swift in Sources */ = {isa = PBXBuildFile; fileRef = AD19B741277E402600D459EA /* Persistence.swift */; };
		AD19B7452782217700D459EA /* FinanceModel.xcdatamodeld in Sources */ = {isa = PBXBuildFile; fileRef = AD19B7432782217700D459EA /* FinanceModel.xcdatamodeld */; };
		AD19B75027822C8400D459EA /* PortfolioItem+CoreDataClass.swift in Sources */ = {isa = PBXBuildFile; fileRef = AD19B74E27822C8400D459EA /* PortfolioItem+CoreDataClass.swift */; };
		AD19B75127822C8400D459EA /* PortfolioItem+CoreDataProperties.swift in Sources */ = {isa = PBXBuildFile; fileRef = AD19B74F27822C8400D459EA /* PortfolioItem+CoreDataProperties.swift */; };
		AD28102227875A0700BA4136 /* NetworkWorker.swift in Sources */ = {isa = PBXBuildFile; fileRef = AD28102127875A0700BA4136 /* NetworkWorker.swift */; };
		AD2810242787648C00BA4136 /* Quote.swift in Sources */ = {isa = PBXBuildFile; fileRef = AD2810232787648C00BA4136 /* Quote.swift */; };
		AD2810272787676E00BA4136 /* Formatter.swift in Sources */ = {isa = PBXBuildFile; fileRef = AD2810262787676E00BA4136 /* Formatter.swift */; };
		AD281029278768B400BA4136 /* NumberFormatter+extension.swift in Sources */ = {isa = PBXBuildFile; fileRef = AD281028278768B400BA4136 /* NumberFormatter+extension.swift */; };
		AD325C452791BFAC00CDBB24 /* transactions.json in Resources */ = {isa = PBXBuildFile; fileRef = AD325C442791BFAC00CDBB24 /* transactions.json */; };
		AD36B05A2786197C00040D25 /* CustomLocalization+UpdateView.swift in Sources */ = {isa = PBXBuildFile; fileRef = AD36B0592786197C00040D25 /* CustomLocalization+UpdateView.swift */; };
		AD36B05D27864B3A00040D25 /* PortfolioDatastore.swift in Sources */ = {isa = PBXBuildFile; fileRef = AD36B05C27864B3A00040D25 /* PortfolioDatastore.swift */; };
		AD36D8A8279492290043EB93 /* TransactionContentConfiguration.swift in Sources */ = {isa = PBXBuildFile; fileRef = AD36D8A7279492290043EB93 /* TransactionContentConfiguration.swift */; };
		AD36D8AA279492860043EB93 /* UpdateTransactionViewController.swift in Sources */ = {isa = PBXBuildFile; fileRef = AD36D8A9279492860043EB93 /* UpdateTransactionViewController.swift */; };
		AD36D8AC279492B60043EB93 /* UpdateTransactionView.swift in Sources */ = {isa = PBXBuildFile; fileRef = AD36D8AB279492B60043EB93 /* UpdateTransactionView.swift */; };
		AD36D8AE279492DD0043EB93 /* CustomLocalization+Transactions.swift in Sources */ = {isa = PBXBuildFile; fileRef = AD36D8AD279492DD0043EB93 /* CustomLocalization+Transactions.swift */; };
		AD36D8B0279492F30043EB93 /* TransactionDataStore.swift in Sources */ = {isa = PBXBuildFile; fileRef = AD36D8AF279492F30043EB93 /* TransactionDataStore.swift */; };
		AD4BC666277A8DAD00593CEE /* UITableView+extension.swift in Sources */ = {isa = PBXBuildFile; fileRef = AD4BC665277A8DAD00593CEE /* UITableView+extension.swift */; };
		AD58D52B272CC0E60047847C /* portfolioExpected.json in Resources */ = {isa = PBXBuildFile; fileRef = AD58D52A272CC0E60047847C /* portfolioExpected.json */; };
		AD58D52E272CC7E60047847C /* PortfolioItem+extension.swift in Sources */ = {isa = PBXBuildFile; fileRef = AD58D52D272CC7E60047847C /* PortfolioItem+extension.swift */; };
		AD77DF642784EDB600D6AB9D /* UpdateView.swift in Sources */ = {isa = PBXBuildFile; fileRef = AD77DF632784EDB600D6AB9D /* UpdateView.swift */; };
		AD77DF662784EFF300D6AB9D /* UpdateViewController.swift in Sources */ = {isa = PBXBuildFile; fileRef = AD77DF652784EFF300D6AB9D /* UpdateViewController.swift */; };
		AD8E9A632795E757005164F6 /* Mock.swift in Sources */ = {isa = PBXBuildFile; fileRef = AD8E9A622795E757005164F6 /* Mock.swift */; };
		AD94831D279DC3420098E194 /* TransactionViewProtocol.swift in Sources */ = {isa = PBXBuildFile; fileRef = AD94831C279DC3420098E194 /* TransactionViewProtocol.swift */; };
		AD94831F279DC3890098E194 /* TransactionInteractorProtocol.swift in Sources */ = {isa = PBXBuildFile; fileRef = AD94831E279DC3890098E194 /* TransactionInteractorProtocol.swift */; };
		AD948321279DC3B50098E194 /* TransactionPresenterProtocol.swift in Sources */ = {isa = PBXBuildFile; fileRef = AD948320279DC3B50098E194 /* TransactionPresenterProtocol.swift */; };
		AD948323279DC3EE0098E194 /* TransactionRouterProtocol.swift in Sources */ = {isa = PBXBuildFile; fileRef = AD948322279DC3EE0098E194 /* TransactionRouterProtocol.swift */; };
		AD948325279DC4280098E194 /* TransactionWorkerProtocol.swift in Sources */ = {isa = PBXBuildFile; fileRef = AD948324279DC4280098E194 /* TransactionWorkerProtocol.swift */; };
		AD948327279DC4650098E194 /* TransactionConfiguratorProtocol.swift in Sources */ = {isa = PBXBuildFile; fileRef = AD948326279DC4650098E194 /* TransactionConfiguratorProtocol.swift */; };
		AD94832A279DC5930098E194 /* TransactionConfigurator.swift in Sources */ = {isa = PBXBuildFile; fileRef = AD948329279DC5930098E194 /* TransactionConfigurator.swift */; };
		AD94832C279DC5FF0098E194 /* TransactionViewController.swift in Sources */ = {isa = PBXBuildFile; fileRef = AD94832B279DC5FF0098E194 /* TransactionViewController.swift */; };
		AD94832E279DC6960098E194 /* TransactionInteractor.swift in Sources */ = {isa = PBXBuildFile; fileRef = AD94832D279DC6960098E194 /* TransactionInteractor.swift */; };
		AD948330279DC6E80098E194 /* TransactionWorker.swift in Sources */ = {isa = PBXBuildFile; fileRef = AD94832F279DC6E80098E194 /* TransactionWorker.swift */; };
		AD948332279DC7010098E194 /* TransactionRouter.swift in Sources */ = {isa = PBXBuildFile; fileRef = AD948331279DC7010098E194 /* TransactionRouter.swift */; };
		AD948334279DC7450098E194 /* TransactionPresenter.swift in Sources */ = {isa = PBXBuildFile; fileRef = AD948333279DC7450098E194 /* TransactionPresenter.swift */; };
		AD948336279DC8150098E194 /* Transaction+ViewModel.swift in Sources */ = {isa = PBXBuildFile; fileRef = AD948335279DC8150098E194 /* Transaction+ViewModel.swift */; };
		AD948338279DCA100098E194 /* TransactionTableViewDataSource.swift in Sources */ = {isa = PBXBuildFile; fileRef = AD948337279DCA100098E194 /* TransactionTableViewDataSource.swift */; };
		AD94833A279DCB4F0098E194 /* TransactionTableViewDelegate.swift in Sources */ = {isa = PBXBuildFile; fileRef = AD948339279DCB4F0098E194 /* TransactionTableViewDelegate.swift */; };
		AD94833C279DCCEC0098E194 /* TransactionNavigationController.swift in Sources */ = {isa = PBXBuildFile; fileRef = AD94833B279DCCEC0098E194 /* TransactionNavigationController.swift */; };
		AD9F420927920F0D002A472F /* TransactionTests.swift in Sources */ = {isa = PBXBuildFile; fileRef = AD9F420827920F0D002A472F /* TransactionTests.swift */; };
		AD9F420C27921B0A002A472F /* Transaction+CoreDataClass.swift in Sources */ = {isa = PBXBuildFile; fileRef = AD9F420A27921B0A002A472F /* Transaction+CoreDataClass.swift */; };
		AD9F420D27921B0A002A472F /* Transaction+CoreDataProperties.swift in Sources */ = {isa = PBXBuildFile; fileRef = AD9F420B27921B0A002A472F /* Transaction+CoreDataProperties.swift */; };
		ADAEFF2B27355D7700C7ABAE /* CustomLocalization.swift in Sources */ = {isa = PBXBuildFile; fileRef = ADAEFF2A27355D7700C7ABAE /* CustomLocalization.swift */; };
		ADAEFF2E273560D400C7ABAE /* Localizable.strings in Resources */ = {isa = PBXBuildFile; fileRef = ADAEFF30273560D400C7ABAE /* Localizable.strings */; };
		ADAEFF352735669100C7ABAE /* CustomLocalization+PortfolioManager.swift in Sources */ = {isa = PBXBuildFile; fileRef = ADAEFF342735669100C7ABAE /* CustomLocalization+PortfolioManager.swift */; };
		ADAEFF37273566BD00C7ABAE /* CustomLocalization+Summary.swift in Sources */ = {isa = PBXBuildFile; fileRef = ADAEFF36273566BD00C7ABAE /* CustomLocalization+Summary.swift */; };
		ADBBB6492797354600B596A5 /* NavigationAccessoryDelegate.swift in Sources */ = {isa = PBXBuildFile; fileRef = ADBBB6482797354600B596A5 /* NavigationAccessoryDelegate.swift */; };
		ADBBB64B279736CE00B596A5 /* NavigationManager.swift in Sources */ = {isa = PBXBuildFile; fileRef = ADBBB64A279736CE00B596A5 /* NavigationManager.swift */; };
		ADBBB64D2797375600B596A5 /* UpdateTransactionViewController+UITextFieldDelegate.swift in Sources */ = {isa = PBXBuildFile; fileRef = ADBBB64C2797375600B596A5 /* UpdateTransactionViewController+UITextFieldDelegate.swift */; };
		ADBBB64F2797377600B596A5 /* UpdateTransactionViewController+NavigationAccessoryDelegate.swift in Sources */ = {isa = PBXBuildFile; fileRef = ADBBB64E2797377600B596A5 /* UpdateTransactionViewController+NavigationAccessoryDelegate.swift */; };
		ADBBB6512797390200B596A5 /* UpdateViewController+NavigationAccessoryDelegate.swift in Sources */ = {isa = PBXBuildFile; fileRef = ADBBB6502797390200B596A5 /* UpdateViewController+NavigationAccessoryDelegate.swift */; };
		ADBBB6532797426A00B596A5 /* SaveCancelNavigationBar.swift in Sources */ = {isa = PBXBuildFile; fileRef = ADBBB6522797426A00B596A5 /* SaveCancelNavigationBar.swift */; };
		ADBBB6552797428100B596A5 /* SaveCancelNavigationDelegate.swift in Sources */ = {isa = PBXBuildFile; fileRef = ADBBB6542797428100B596A5 /* SaveCancelNavigationDelegate.swift */; };
		ADBBB6572797459200B596A5 /* UpdateViewController+SaveCancelNavigationDelegate.swift in Sources */ = {isa = PBXBuildFile; fileRef = ADBBB6562797459200B596A5 /* UpdateViewController+SaveCancelNavigationDelegate.swift */; };
		ADBBB659279756C600B596A5 /* UpdateTransactionViewController+SaveCancelNavigationDelegate.swift in Sources */ = {isa = PBXBuildFile; fileRef = ADBBB658279756C600B596A5 /* UpdateTransactionViewController+SaveCancelNavigationDelegate.swift */; };
		ADBBB65C2798270B00B596A5 /* SwiftyJSON in Frameworks */ = {isa = PBXBuildFile; productRef = ADBBB65B2798270B00B596A5 /* SwiftyJSON */; };
		ADBBB65E27999CB000B596A5 /* FullDatastore.swift in Sources */ = {isa = PBXBuildFile; fileRef = ADBBB65D27999CB000B596A5 /* FullDatastore.swift */; };
		ADBBB66027999CCA00B596A5 /* ReadOnlyDatastore.swift in Sources */ = {isa = PBXBuildFile; fileRef = ADBBB65F27999CCA00B596A5 /* ReadOnlyDatastore.swift */; };
		ADBBB66227999DDB00B596A5 /* SummaryItem.swift in Sources */ = {isa = PBXBuildFile; fileRef = ADBBB66127999DDB00B596A5 /* SummaryItem.swift */; };
		ADBBB66427999E0800B596A5 /* SummaryDataStore.swift in Sources */ = {isa = PBXBuildFile; fileRef = ADBBB66327999E0800B596A5 /* SummaryDataStore.swift */; };
		ADBBB6662799BBBC00B596A5 /* UITableViewCell+RegistrableTableViewCell.swift in Sources */ = {isa = PBXBuildFile; fileRef = ADBBB6652799BBBC00B596A5 /* UITableViewCell+RegistrableTableViewCell.swift */; };
		ADBBB6682799BBDE00B596A5 /* RegistrableTableViewCell.swift in Sources */ = {isa = PBXBuildFile; fileRef = ADBBB6672799BBDE00B596A5 /* RegistrableTableViewCell.swift */; };
		ADBBB66B2799D5C700B596A5 /* UUID+extension.swift in Sources */ = {isa = PBXBuildFile; fileRef = ADBBB66A2799D5C700B596A5 /* UUID+extension.swift */; };
		ADBBB671279ADD3400B596A5 /* PortfolioViewProtocol.swift in Sources */ = {isa = PBXBuildFile; fileRef = ADBBB670279ADD3400B596A5 /* PortfolioViewProtocol.swift */; };
		ADBBB673279ADD5900B596A5 /* PortfolioInteractorProtocol.swift in Sources */ = {isa = PBXBuildFile; fileRef = ADBBB672279ADD5900B596A5 /* PortfolioInteractorProtocol.swift */; };
		ADBBB675279ADD6F00B596A5 /* PortfolioWorkerProtocol.swift in Sources */ = {isa = PBXBuildFile; fileRef = ADBBB674279ADD6F00B596A5 /* PortfolioWorkerProtocol.swift */; };
		ADBBB677279ADD8900B596A5 /* PortfolioPresenterProtocol.swift in Sources */ = {isa = PBXBuildFile; fileRef = ADBBB676279ADD8900B596A5 /* PortfolioPresenterProtocol.swift */; };
		ADBBB679279ADDB100B596A5 /* PortfolioRouterProtocol.swift in Sources */ = {isa = PBXBuildFile; fileRef = ADBBB678279ADDB100B596A5 /* PortfolioRouterProtocol.swift */; };
		ADBBB67B279ADDCA00B596A5 /* PortfolioConfiguratorProtocol.swift in Sources */ = {isa = PBXBuildFile; fileRef = ADBBB67A279ADDCA00B596A5 /* PortfolioConfiguratorProtocol.swift */; };
		ADBBB67E279ADDF200B596A5 /* PortfolioConfigurator.swift in Sources */ = {isa = PBXBuildFile; fileRef = ADBBB67D279ADDF200B596A5 /* PortfolioConfigurator.swift */; };
		ADBBB680279ADE0800B596A5 /* PortfolioRouter.swift in Sources */ = {isa = PBXBuildFile; fileRef = ADBBB67F279ADE0800B596A5 /* PortfolioRouter.swift */; };
		ADBBB684279ADE4800B596A5 /* PortfolioPresenter.swift in Sources */ = {isa = PBXBuildFile; fileRef = ADBBB683279ADE4800B596A5 /* PortfolioPresenter.swift */; };
		ADBBB686279ADE6100B596A5 /* PortfolioInteractor.swift in Sources */ = {isa = PBXBuildFile; fileRef = ADBBB685279ADE6100B596A5 /* PortfolioInteractor.swift */; };
		ADBBB688279ADE9600B596A5 /* PortfolioWorker.swift in Sources */ = {isa = PBXBuildFile; fileRef = ADBBB687279ADE9600B596A5 /* PortfolioWorker.swift */; };
		ADBBB68A279ADEA900B596A5 /* PortfolioViewController.swift in Sources */ = {isa = PBXBuildFile; fileRef = ADBBB689279ADEA900B596A5 /* PortfolioViewController.swift */; };
		ADBBB68C279ADEC800B596A5 /* PortfolioTableViewDataSource.swift in Sources */ = {isa = PBXBuildFile; fileRef = ADBBB68B279ADEC800B596A5 /* PortfolioTableViewDataSource.swift */; };
		ADBBB68E279ADEDE00B596A5 /* PortfolioTableViewDelegate.swift in Sources */ = {isa = PBXBuildFile; fileRef = ADBBB68D279ADEDE00B596A5 /* PortfolioTableViewDelegate.swift */; };
		ADBBB690279B1A7C00B596A5 /* PortfolioItem+ViewModel.swift in Sources */ = {isa = PBXBuildFile; fileRef = ADBBB68F279B1A7C00B596A5 /* PortfolioItem+ViewModel.swift */; };
		ADBBC31A27825FE80068D066 /* PortfolioItemTests.swift in Sources */ = {isa = PBXBuildFile; fileRef = ADBBC31927825FE80068D066 /* PortfolioItemTests.swift */; };
		ADBD4151272B3B1E00BB3327 /* AppDelegate.swift in Sources */ = {isa = PBXBuildFile; fileRef = ADBD4150272B3B1E00BB3327 /* AppDelegate.swift */; };
		ADBD4153272B3B1E00BB3327 /* SceneDelegate.swift in Sources */ = {isa = PBXBuildFile; fileRef = ADBD4152272B3B1E00BB3327 /* SceneDelegate.swift */; };
		ADBD4155272B3B1E00BB3327 /* MainViewController.swift in Sources */ = {isa = PBXBuildFile; fileRef = ADBD4154272B3B1E00BB3327 /* MainViewController.swift */; };
		ADBD415A272B3B1F00BB3327 /* Assets.xcassets in Resources */ = {isa = PBXBuildFile; fileRef = ADBD4159272B3B1F00BB3327 /* Assets.xcassets */; };
		ADBD415D272B3B1F00BB3327 /* LaunchScreen.storyboard in Resources */ = {isa = PBXBuildFile; fileRef = ADBD415B272B3B1F00BB3327 /* LaunchScreen.storyboard */; };
		ADBD4166272B3CC500BB3327 /* PortfolioView.swift in Sources */ = {isa = PBXBuildFile; fileRef = ADBD4165272B3CC500BB3327 /* PortfolioView.swift */; };
		ADBD4168272B3EF000BB3327 /* BaseViewController.swift in Sources */ = {isa = PBXBuildFile; fileRef = ADBD4167272B3EF000BB3327 /* BaseViewController.swift */; };
		ADC3F67B278F60A80087294D /* PortfolioItem+Identifiable.swift in Sources */ = {isa = PBXBuildFile; fileRef = ADC3F67A278F60A80087294D /* PortfolioItem+Identifiable.swift */; };
		ADC3F67D278F611B0087294D /* CustomContentConfiguration.swift in Sources */ = {isa = PBXBuildFile; fileRef = ADC3F67C278F611B0087294D /* CustomContentConfiguration.swift */; };
		ADC3F68D278F62D10087294D /* UpdateViewController+UITextFieldDelegate.swift in Sources */ = {isa = PBXBuildFile; fileRef = ADC3F68C278F62D10087294D /* UpdateViewController+UITextFieldDelegate.swift */; };
		ADD1EFA327A1B5AD002A4055 /* BrokerNoteUpdateView.swift in Sources */ = {isa = PBXBuildFile; fileRef = ADD1EFA227A1B5AD002A4055 /* BrokerNoteUpdateView.swift */; };
		ADD1EFA527A1BC2F002A4055 /* BrokerNoteUpdateViewController.swift in Sources */ = {isa = PBXBuildFile; fileRef = ADD1EFA427A1BC2F002A4055 /* BrokerNoteUpdateViewController.swift */; };
		ADD677692796E06700880AE8 /* NavigationAccessoryView.swift in Sources */ = {isa = PBXBuildFile; fileRef = ADD677682796E06700880AE8 /* NavigationAccessoryView.swift */; };
		ADEB66AC272C3279002AFAE3 /* portfolio.json in Resources */ = {isa = PBXBuildFile; fileRef = ADEB66AB272C3279002AFAE3 /* portfolio.json */; };
		EBDF34580807606EE48EFD90 /* PortfolioNavigationController.swift in Sources */ = {isa = PBXBuildFile; fileRef = EBDF3245FEF1177F4071BD72 /* PortfolioNavigationController.swift */; };
		EBDF37D6FE10FAB0EFB1E38E /* SummaryNavigationController.swift in Sources */ = {isa = PBXBuildFile; fileRef = EBDF35CA014AE318370973AE /* SummaryNavigationController.swift */; };
		EBDF37EB6D58FC11B4EE5387 /* CustomContentView.swift in Sources */ = {isa = PBXBuildFile; fileRef = EBDF36E0DCEDBEA7026F554B /* CustomContentView.swift */; };
		EBDF3EFA1ED7B41B446B89E9 /* .gitignore in Resources */ = {isa = PBXBuildFile; fileRef = EBDF3C4A2EF3A78078840235 /* .gitignore */; };
/* End PBXBuildFile section */

/* Begin PBXContainerItemProxy section */
		ADBBC31B27825FE80068D066 /* PBXContainerItemProxy */ = {
			isa = PBXContainerItemProxy;
			containerPortal = ADBD4145272B3B1E00BB3327 /* Project object */;
			proxyType = 1;
			remoteGlobalIDString = ADBD414C272B3B1E00BB3327;
			remoteInfo = finance;
		};
/* End PBXContainerItemProxy section */

/* Begin PBXFileReference section */
		AD041F8B27A026B200C9A815 /* BrokerNote+CoreDataProperties.swift */ = {isa = PBXFileReference; lastKnownFileType = sourcecode.swift; path = "BrokerNote+CoreDataProperties.swift"; sourceTree = "<group>"; };
		AD041F9127A0271800C9A815 /* BrokerNote+CoreDataClass.swift */ = {isa = PBXFileReference; fileEncoding = 4; lastKnownFileType = sourcecode.swift; path = "BrokerNote+CoreDataClass.swift"; sourceTree = "<group>"; };
		AD041F9827A027A800C9A815 /* BrokerNoteSummaryViewProtocol.swift */ = {isa = PBXFileReference; lastKnownFileType = sourcecode.swift; path = BrokerNoteSummaryViewProtocol.swift; sourceTree = "<group>"; };
		AD041F9E27A02DBB00C9A815 /* BrokerNoteSummaryInteractorProtocol.swift */ = {isa = PBXFileReference; lastKnownFileType = sourcecode.swift; path = BrokerNoteSummaryInteractorProtocol.swift; sourceTree = "<group>"; };
		AD041FA027A02DDA00C9A815 /* BrokerNoteSummaryPresenterProtocol.swift */ = {isa = PBXFileReference; lastKnownFileType = sourcecode.swift; path = BrokerNoteSummaryPresenterProtocol.swift; sourceTree = "<group>"; };
		AD041FA427A02E1400C9A815 /* BrokerNoteSummaryWorkerProtocol.swift */ = {isa = PBXFileReference; lastKnownFileType = sourcecode.swift; path = BrokerNoteSummaryWorkerProtocol.swift; sourceTree = "<group>"; };
		AD041FA627A02E3100C9A815 /* BrokerNoteSummaryConfiguratorProtocol.swift */ = {isa = PBXFileReference; lastKnownFileType = sourcecode.swift; path = BrokerNoteSummaryConfiguratorProtocol.swift; sourceTree = "<group>"; };
		AD041FA827A02E6C00C9A815 /* BrokerNoteSummaryTableViewDataSource.swift */ = {isa = PBXFileReference; lastKnownFileType = sourcecode.swift; path = BrokerNoteSummaryTableViewDataSource.swift; sourceTree = "<group>"; };
		AD041FAA27A02EB700C9A815 /* BrokerNote+ViewModel.swift */ = {isa = PBXFileReference; lastKnownFileType = sourcecode.swift; path = "BrokerNote+ViewModel.swift"; sourceTree = "<group>"; };
		AD041FAD27A02FE300C9A815 /* BrokerNoteSummaryTableViewDelegate.swift */ = {isa = PBXFileReference; lastKnownFileType = sourcecode.swift; path = BrokerNoteSummaryTableViewDelegate.swift; sourceTree = "<group>"; };
		AD041FAF27A0309400C9A815 /* BrokerNoteSummaryViewController.swift */ = {isa = PBXFileReference; lastKnownFileType = sourcecode.swift; path = BrokerNoteSummaryViewController.swift; sourceTree = "<group>"; };
		AD041FB127A0324D00C9A815 /* BrokerNoteSummaryInteractor.swift */ = {isa = PBXFileReference; lastKnownFileType = sourcecode.swift; path = BrokerNoteSummaryInteractor.swift; sourceTree = "<group>"; };
		AD041FB327A032DD00C9A815 /* BrokerNoteSummaryPresenter.swift */ = {isa = PBXFileReference; lastKnownFileType = sourcecode.swift; path = BrokerNoteSummaryPresenter.swift; sourceTree = "<group>"; };
		AD041FB927A03AAB00C9A815 /* BrokerNoteSummaryNavigationController.swift */ = {isa = PBXFileReference; lastKnownFileType = sourcecode.swift; path = BrokerNoteSummaryNavigationController.swift; sourceTree = "<group>"; };
		AD041FBB27A03B4600C9A815 /* BrokerNoteSummaryConfigurator.swift */ = {isa = PBXFileReference; lastKnownFileType = sourcecode.swift; path = BrokerNoteSummaryConfigurator.swift; sourceTree = "<group>"; };
		AD041FBF27A05E5700C9A815 /* BrokerNoteSummaryWorker.swift */ = {isa = PBXFileReference; lastKnownFileType = sourcecode.swift; path = BrokerNoteSummaryWorker.swift; sourceTree = "<group>"; };
		AD041FC527A068D500C9A815 /* BrokerNote+extension.swift */ = {isa = PBXFileReference; lastKnownFileType = sourcecode.swift; path = "BrokerNote+extension.swift"; sourceTree = "<group>"; };
		AD041FC727A06A4200C9A815 /* BrokerNoteContentConfiguration.swift */ = {isa = PBXFileReference; lastKnownFileType = sourcecode.swift; path = BrokerNoteContentConfiguration.swift; sourceTree = "<group>"; };
		AD041FC927A0760400C9A815 /* BrokerNoteContentView.swift */ = {isa = PBXFileReference; lastKnownFileType = sourcecode.swift; path = BrokerNoteContentView.swift; sourceTree = "<group>"; };
		AD0D22F7279C1D7600CBA554 /* Box.swift */ = {isa = PBXFileReference; lastKnownFileType = sourcecode.swift; path = Box.swift; sourceTree = "<group>"; };
		AD0D22FA279C568500CBA554 /* SummaryViewProtocol.swift */ = {isa = PBXFileReference; lastKnownFileType = sourcecode.swift; path = SummaryViewProtocol.swift; sourceTree = "<group>"; };
		AD0D22FC279C5AFA00CBA554 /* SummaryInteractorProtocol.swift */ = {isa = PBXFileReference; lastKnownFileType = sourcecode.swift; path = SummaryInteractorProtocol.swift; sourceTree = "<group>"; };
		AD0D22FE279C5B1100CBA554 /* SummaryRouterProtocol.swift */ = {isa = PBXFileReference; lastKnownFileType = sourcecode.swift; path = SummaryRouterProtocol.swift; sourceTree = "<group>"; };
		AD0D2300279C5B2800CBA554 /* SummaryPresenterProtocol.swift */ = {isa = PBXFileReference; lastKnownFileType = sourcecode.swift; path = SummaryPresenterProtocol.swift; sourceTree = "<group>"; };
		AD0D2302279C5B3C00CBA554 /* SummaryWorkerProtocol.swift */ = {isa = PBXFileReference; lastKnownFileType = sourcecode.swift; path = SummaryWorkerProtocol.swift; sourceTree = "<group>"; };
		AD0D2305279C5B5900CBA554 /* SummaryTableViewDelegate.swift */ = {isa = PBXFileReference; lastKnownFileType = sourcecode.swift; path = SummaryTableViewDelegate.swift; sourceTree = "<group>"; };
		AD0D2307279C5B7B00CBA554 /* SummaryTableViewDataSource.swift */ = {isa = PBXFileReference; lastKnownFileType = sourcecode.swift; path = SummaryTableViewDataSource.swift; sourceTree = "<group>"; };
		AD0D2309279C5BC400CBA554 /* SummaryConfiguratorProtocol.swift */ = {isa = PBXFileReference; lastKnownFileType = sourcecode.swift; path = SummaryConfiguratorProtocol.swift; sourceTree = "<group>"; };
		AD0D230C279C5C0900CBA554 /* SummaryItem+ViewModel.swift */ = {isa = PBXFileReference; lastKnownFileType = sourcecode.swift; path = "SummaryItem+ViewModel.swift"; sourceTree = "<group>"; };
		AD0D230E279C5E6900CBA554 /* SummaryConfigurator.swift */ = {isa = PBXFileReference; lastKnownFileType = sourcecode.swift; path = SummaryConfigurator.swift; sourceTree = "<group>"; };
		AD0D2310279D8CC900CBA554 /* SummaryViewController.swift */ = {isa = PBXFileReference; lastKnownFileType = sourcecode.swift; path = SummaryViewController.swift; sourceTree = "<group>"; };
		AD0D2312279D8D4300CBA554 /* SummaryRouter.swift */ = {isa = PBXFileReference; lastKnownFileType = sourcecode.swift; path = SummaryRouter.swift; sourceTree = "<group>"; };
		AD0D2314279D8D5D00CBA554 /* SummaryWorker.swift */ = {isa = PBXFileReference; lastKnownFileType = sourcecode.swift; path = SummaryWorker.swift; sourceTree = "<group>"; };
		AD0D2316279D8DBF00CBA554 /* SummaryPresenter.swift */ = {isa = PBXFileReference; lastKnownFileType = sourcecode.swift; path = SummaryPresenter.swift; sourceTree = "<group>"; };
		AD0D2318279D8DE900CBA554 /* SummaryInteractor.swift */ = {isa = PBXFileReference; lastKnownFileType = sourcecode.swift; path = SummaryInteractor.swift; sourceTree = "<group>"; };
		AD162AC327934D2F00E77FC1 /* TransactionContentView.swift */ = {isa = PBXFileReference; lastKnownFileType = sourcecode.swift; path = TransactionContentView.swift; sourceTree = "<group>"; };
		AD19B741277E402600D459EA /* Persistence.swift */ = {isa = PBXFileReference; lastKnownFileType = sourcecode.swift; path = Persistence.swift; sourceTree = "<group>"; };
		AD19B7442782217700D459EA /* FinanceModel.xcdatamodel */ = {isa = PBXFileReference; lastKnownFileType = wrapper.xcdatamodel; path = FinanceModel.xcdatamodel; sourceTree = "<group>"; };
		AD19B74E27822C8400D459EA /* PortfolioItem+CoreDataClass.swift */ = {isa = PBXFileReference; lastKnownFileType = sourcecode.swift; path = "PortfolioItem+CoreDataClass.swift"; sourceTree = "<group>"; };
		AD19B74F27822C8400D459EA /* PortfolioItem+CoreDataProperties.swift */ = {isa = PBXFileReference; lastKnownFileType = sourcecode.swift; path = "PortfolioItem+CoreDataProperties.swift"; sourceTree = "<group>"; };
		AD28102127875A0700BA4136 /* NetworkWorker.swift */ = {isa = PBXFileReference; lastKnownFileType = sourcecode.swift; path = NetworkWorker.swift; sourceTree = "<group>"; };
		AD2810232787648C00BA4136 /* Quote.swift */ = {isa = PBXFileReference; lastKnownFileType = sourcecode.swift; path = Quote.swift; sourceTree = "<group>"; };
		AD2810262787676E00BA4136 /* Formatter.swift */ = {isa = PBXFileReference; lastKnownFileType = sourcecode.swift; path = Formatter.swift; sourceTree = "<group>"; };
		AD281028278768B400BA4136 /* NumberFormatter+extension.swift */ = {isa = PBXFileReference; lastKnownFileType = sourcecode.swift; path = "NumberFormatter+extension.swift"; sourceTree = "<group>"; };
		AD325C442791BFAC00CDBB24 /* transactions.json */ = {isa = PBXFileReference; lastKnownFileType = text.json; path = transactions.json; sourceTree = "<group>"; };
		AD36B0592786197C00040D25 /* CustomLocalization+UpdateView.swift */ = {isa = PBXFileReference; lastKnownFileType = sourcecode.swift; path = "CustomLocalization+UpdateView.swift"; sourceTree = "<group>"; };
		AD36B05C27864B3A00040D25 /* PortfolioDatastore.swift */ = {isa = PBXFileReference; lastKnownFileType = sourcecode.swift; path = PortfolioDatastore.swift; sourceTree = "<group>"; };
		AD36D8A7279492290043EB93 /* TransactionContentConfiguration.swift */ = {isa = PBXFileReference; lastKnownFileType = sourcecode.swift; path = TransactionContentConfiguration.swift; sourceTree = "<group>"; };
		AD36D8A9279492860043EB93 /* UpdateTransactionViewController.swift */ = {isa = PBXFileReference; lastKnownFileType = sourcecode.swift; path = UpdateTransactionViewController.swift; sourceTree = "<group>"; };
		AD36D8AB279492B60043EB93 /* UpdateTransactionView.swift */ = {isa = PBXFileReference; lastKnownFileType = sourcecode.swift; path = UpdateTransactionView.swift; sourceTree = "<group>"; };
		AD36D8AD279492DD0043EB93 /* CustomLocalization+Transactions.swift */ = {isa = PBXFileReference; lastKnownFileType = sourcecode.swift; path = "CustomLocalization+Transactions.swift"; sourceTree = "<group>"; };
		AD36D8AF279492F30043EB93 /* TransactionDataStore.swift */ = {isa = PBXFileReference; lastKnownFileType = sourcecode.swift; path = TransactionDataStore.swift; sourceTree = "<group>"; };
		AD4BC665277A8DAD00593CEE /* UITableView+extension.swift */ = {isa = PBXFileReference; lastKnownFileType = sourcecode.swift; path = "UITableView+extension.swift"; sourceTree = "<group>"; };
		AD58D52A272CC0E60047847C /* portfolioExpected.json */ = {isa = PBXFileReference; lastKnownFileType = text.json; path = portfolioExpected.json; sourceTree = "<group>"; };
		AD58D52D272CC7E60047847C /* PortfolioItem+extension.swift */ = {isa = PBXFileReference; lastKnownFileType = sourcecode.swift; path = "PortfolioItem+extension.swift"; sourceTree = "<group>"; };
		AD77DF632784EDB600D6AB9D /* UpdateView.swift */ = {isa = PBXFileReference; lastKnownFileType = sourcecode.swift; path = UpdateView.swift; sourceTree = "<group>"; };
		AD77DF652784EFF300D6AB9D /* UpdateViewController.swift */ = {isa = PBXFileReference; lastKnownFileType = sourcecode.swift; path = UpdateViewController.swift; sourceTree = "<group>"; };
		AD8E9A622795E757005164F6 /* Mock.swift */ = {isa = PBXFileReference; lastKnownFileType = sourcecode.swift; path = Mock.swift; sourceTree = "<group>"; };
		AD94831C279DC3420098E194 /* TransactionViewProtocol.swift */ = {isa = PBXFileReference; lastKnownFileType = sourcecode.swift; path = TransactionViewProtocol.swift; sourceTree = "<group>"; };
		AD94831E279DC3890098E194 /* TransactionInteractorProtocol.swift */ = {isa = PBXFileReference; lastKnownFileType = sourcecode.swift; path = TransactionInteractorProtocol.swift; sourceTree = "<group>"; };
		AD948320279DC3B50098E194 /* TransactionPresenterProtocol.swift */ = {isa = PBXFileReference; lastKnownFileType = sourcecode.swift; path = TransactionPresenterProtocol.swift; sourceTree = "<group>"; };
		AD948322279DC3EE0098E194 /* TransactionRouterProtocol.swift */ = {isa = PBXFileReference; lastKnownFileType = sourcecode.swift; path = TransactionRouterProtocol.swift; sourceTree = "<group>"; };
		AD948324279DC4280098E194 /* TransactionWorkerProtocol.swift */ = {isa = PBXFileReference; lastKnownFileType = sourcecode.swift; path = TransactionWorkerProtocol.swift; sourceTree = "<group>"; };
		AD948326279DC4650098E194 /* TransactionConfiguratorProtocol.swift */ = {isa = PBXFileReference; lastKnownFileType = sourcecode.swift; path = TransactionConfiguratorProtocol.swift; sourceTree = "<group>"; };
		AD948329279DC5930098E194 /* TransactionConfigurator.swift */ = {isa = PBXFileReference; lastKnownFileType = sourcecode.swift; path = TransactionConfigurator.swift; sourceTree = "<group>"; };
		AD94832B279DC5FF0098E194 /* TransactionViewController.swift */ = {isa = PBXFileReference; lastKnownFileType = sourcecode.swift; path = TransactionViewController.swift; sourceTree = "<group>"; };
		AD94832D279DC6960098E194 /* TransactionInteractor.swift */ = {isa = PBXFileReference; lastKnownFileType = sourcecode.swift; path = TransactionInteractor.swift; sourceTree = "<group>"; };
		AD94832F279DC6E80098E194 /* TransactionWorker.swift */ = {isa = PBXFileReference; lastKnownFileType = sourcecode.swift; path = TransactionWorker.swift; sourceTree = "<group>"; };
		AD948331279DC7010098E194 /* TransactionRouter.swift */ = {isa = PBXFileReference; lastKnownFileType = sourcecode.swift; path = TransactionRouter.swift; sourceTree = "<group>"; };
		AD948333279DC7450098E194 /* TransactionPresenter.swift */ = {isa = PBXFileReference; lastKnownFileType = sourcecode.swift; path = TransactionPresenter.swift; sourceTree = "<group>"; };
		AD948335279DC8150098E194 /* Transaction+ViewModel.swift */ = {isa = PBXFileReference; lastKnownFileType = sourcecode.swift; path = "Transaction+ViewModel.swift"; sourceTree = "<group>"; };
		AD948337279DCA100098E194 /* TransactionTableViewDataSource.swift */ = {isa = PBXFileReference; lastKnownFileType = sourcecode.swift; path = TransactionTableViewDataSource.swift; sourceTree = "<group>"; };
		AD948339279DCB4F0098E194 /* TransactionTableViewDelegate.swift */ = {isa = PBXFileReference; lastKnownFileType = sourcecode.swift; path = TransactionTableViewDelegate.swift; sourceTree = "<group>"; };
		AD94833B279DCCEC0098E194 /* TransactionNavigationController.swift */ = {isa = PBXFileReference; lastKnownFileType = sourcecode.swift; path = TransactionNavigationController.swift; sourceTree = "<group>"; };
		AD9F420827920F0D002A472F /* TransactionTests.swift */ = {isa = PBXFileReference; lastKnownFileType = sourcecode.swift; path = TransactionTests.swift; sourceTree = "<group>"; };
		AD9F420A27921B0A002A472F /* Transaction+CoreDataClass.swift */ = {isa = PBXFileReference; lastKnownFileType = sourcecode.swift; path = "Transaction+CoreDataClass.swift"; sourceTree = "<group>"; };
		AD9F420B27921B0A002A472F /* Transaction+CoreDataProperties.swift */ = {isa = PBXFileReference; lastKnownFileType = sourcecode.swift; path = "Transaction+CoreDataProperties.swift"; sourceTree = "<group>"; };
		ADAEFF2A27355D7700C7ABAE /* CustomLocalization.swift */ = {isa = PBXFileReference; lastKnownFileType = sourcecode.swift; path = CustomLocalization.swift; sourceTree = "<group>"; };
		ADAEFF31273560FB00C7ABAE /* pt-BR */ = {isa = PBXFileReference; lastKnownFileType = text.plist.strings; name = "pt-BR"; path = "pt-BR.lproj/Localizable.strings"; sourceTree = "<group>"; };
		ADAEFF332735621900C7ABAE /* en */ = {isa = PBXFileReference; lastKnownFileType = text.plist.strings; name = en; path = en.lproj/Localizable.strings; sourceTree = "<group>"; };
		ADAEFF342735669100C7ABAE /* CustomLocalization+PortfolioManager.swift */ = {isa = PBXFileReference; lastKnownFileType = sourcecode.swift; path = "CustomLocalization+PortfolioManager.swift"; sourceTree = "<group>"; };
		ADAEFF36273566BD00C7ABAE /* CustomLocalization+Summary.swift */ = {isa = PBXFileReference; lastKnownFileType = sourcecode.swift; path = "CustomLocalization+Summary.swift"; sourceTree = "<group>"; };
		ADBBB6482797354600B596A5 /* NavigationAccessoryDelegate.swift */ = {isa = PBXFileReference; lastKnownFileType = sourcecode.swift; path = NavigationAccessoryDelegate.swift; sourceTree = "<group>"; };
		ADBBB64A279736CE00B596A5 /* NavigationManager.swift */ = {isa = PBXFileReference; lastKnownFileType = sourcecode.swift; path = NavigationManager.swift; sourceTree = "<group>"; };
		ADBBB64C2797375600B596A5 /* UpdateTransactionViewController+UITextFieldDelegate.swift */ = {isa = PBXFileReference; lastKnownFileType = sourcecode.swift; path = "UpdateTransactionViewController+UITextFieldDelegate.swift"; sourceTree = "<group>"; };
		ADBBB64E2797377600B596A5 /* UpdateTransactionViewController+NavigationAccessoryDelegate.swift */ = {isa = PBXFileReference; lastKnownFileType = sourcecode.swift; path = "UpdateTransactionViewController+NavigationAccessoryDelegate.swift"; sourceTree = "<group>"; };
		ADBBB6502797390200B596A5 /* UpdateViewController+NavigationAccessoryDelegate.swift */ = {isa = PBXFileReference; lastKnownFileType = sourcecode.swift; path = "UpdateViewController+NavigationAccessoryDelegate.swift"; sourceTree = "<group>"; };
		ADBBB6522797426A00B596A5 /* SaveCancelNavigationBar.swift */ = {isa = PBXFileReference; lastKnownFileType = sourcecode.swift; path = SaveCancelNavigationBar.swift; sourceTree = "<group>"; };
		ADBBB6542797428100B596A5 /* SaveCancelNavigationDelegate.swift */ = {isa = PBXFileReference; lastKnownFileType = sourcecode.swift; path = SaveCancelNavigationDelegate.swift; sourceTree = "<group>"; };
		ADBBB6562797459200B596A5 /* UpdateViewController+SaveCancelNavigationDelegate.swift */ = {isa = PBXFileReference; lastKnownFileType = sourcecode.swift; path = "UpdateViewController+SaveCancelNavigationDelegate.swift"; sourceTree = "<group>"; };
		ADBBB658279756C600B596A5 /* UpdateTransactionViewController+SaveCancelNavigationDelegate.swift */ = {isa = PBXFileReference; lastKnownFileType = sourcecode.swift; path = "UpdateTransactionViewController+SaveCancelNavigationDelegate.swift"; sourceTree = "<group>"; };
		ADBBB65D27999CB000B596A5 /* FullDatastore.swift */ = {isa = PBXFileReference; lastKnownFileType = sourcecode.swift; path = FullDatastore.swift; sourceTree = "<group>"; };
		ADBBB65F27999CCA00B596A5 /* ReadOnlyDatastore.swift */ = {isa = PBXFileReference; lastKnownFileType = sourcecode.swift; path = ReadOnlyDatastore.swift; sourceTree = "<group>"; };
		ADBBB66127999DDB00B596A5 /* SummaryItem.swift */ = {isa = PBXFileReference; lastKnownFileType = sourcecode.swift; path = SummaryItem.swift; sourceTree = "<group>"; };
		ADBBB66327999E0800B596A5 /* SummaryDataStore.swift */ = {isa = PBXFileReference; lastKnownFileType = sourcecode.swift; path = SummaryDataStore.swift; sourceTree = "<group>"; };
		ADBBB6652799BBBC00B596A5 /* UITableViewCell+RegistrableTableViewCell.swift */ = {isa = PBXFileReference; lastKnownFileType = sourcecode.swift; path = "UITableViewCell+RegistrableTableViewCell.swift"; sourceTree = "<group>"; };
		ADBBB6672799BBDE00B596A5 /* RegistrableTableViewCell.swift */ = {isa = PBXFileReference; lastKnownFileType = sourcecode.swift; path = RegistrableTableViewCell.swift; sourceTree = "<group>"; };
		ADBBB66A2799D5C700B596A5 /* UUID+extension.swift */ = {isa = PBXFileReference; lastKnownFileType = sourcecode.swift; path = "UUID+extension.swift"; sourceTree = "<group>"; };
		ADBBB670279ADD3400B596A5 /* PortfolioViewProtocol.swift */ = {isa = PBXFileReference; lastKnownFileType = sourcecode.swift; path = PortfolioViewProtocol.swift; sourceTree = "<group>"; };
		ADBBB672279ADD5900B596A5 /* PortfolioInteractorProtocol.swift */ = {isa = PBXFileReference; lastKnownFileType = sourcecode.swift; path = PortfolioInteractorProtocol.swift; sourceTree = "<group>"; };
		ADBBB674279ADD6F00B596A5 /* PortfolioWorkerProtocol.swift */ = {isa = PBXFileReference; lastKnownFileType = sourcecode.swift; path = PortfolioWorkerProtocol.swift; sourceTree = "<group>"; };
		ADBBB676279ADD8900B596A5 /* PortfolioPresenterProtocol.swift */ = {isa = PBXFileReference; lastKnownFileType = sourcecode.swift; path = PortfolioPresenterProtocol.swift; sourceTree = "<group>"; };
		ADBBB678279ADDB100B596A5 /* PortfolioRouterProtocol.swift */ = {isa = PBXFileReference; lastKnownFileType = sourcecode.swift; path = PortfolioRouterProtocol.swift; sourceTree = "<group>"; };
		ADBBB67A279ADDCA00B596A5 /* PortfolioConfiguratorProtocol.swift */ = {isa = PBXFileReference; lastKnownFileType = sourcecode.swift; path = PortfolioConfiguratorProtocol.swift; sourceTree = "<group>"; };
		ADBBB67D279ADDF200B596A5 /* PortfolioConfigurator.swift */ = {isa = PBXFileReference; lastKnownFileType = sourcecode.swift; path = PortfolioConfigurator.swift; sourceTree = "<group>"; };
		ADBBB67F279ADE0800B596A5 /* PortfolioRouter.swift */ = {isa = PBXFileReference; lastKnownFileType = sourcecode.swift; path = PortfolioRouter.swift; sourceTree = "<group>"; };
		ADBBB683279ADE4800B596A5 /* PortfolioPresenter.swift */ = {isa = PBXFileReference; lastKnownFileType = sourcecode.swift; path = PortfolioPresenter.swift; sourceTree = "<group>"; };
		ADBBB685279ADE6100B596A5 /* PortfolioInteractor.swift */ = {isa = PBXFileReference; lastKnownFileType = sourcecode.swift; path = PortfolioInteractor.swift; sourceTree = "<group>"; };
		ADBBB687279ADE9600B596A5 /* PortfolioWorker.swift */ = {isa = PBXFileReference; lastKnownFileType = sourcecode.swift; path = PortfolioWorker.swift; sourceTree = "<group>"; };
		ADBBB689279ADEA900B596A5 /* PortfolioViewController.swift */ = {isa = PBXFileReference; lastKnownFileType = sourcecode.swift; path = PortfolioViewController.swift; sourceTree = "<group>"; };
		ADBBB68B279ADEC800B596A5 /* PortfolioTableViewDataSource.swift */ = {isa = PBXFileReference; lastKnownFileType = sourcecode.swift; path = PortfolioTableViewDataSource.swift; sourceTree = "<group>"; };
		ADBBB68D279ADEDE00B596A5 /* PortfolioTableViewDelegate.swift */ = {isa = PBXFileReference; lastKnownFileType = sourcecode.swift; path = PortfolioTableViewDelegate.swift; sourceTree = "<group>"; };
		ADBBB68F279B1A7C00B596A5 /* PortfolioItem+ViewModel.swift */ = {isa = PBXFileReference; lastKnownFileType = sourcecode.swift; path = "PortfolioItem+ViewModel.swift"; sourceTree = "<group>"; };
		ADBBC31727825FE80068D066 /* financeTests.xctest */ = {isa = PBXFileReference; explicitFileType = wrapper.cfbundle; includeInIndex = 0; path = financeTests.xctest; sourceTree = BUILT_PRODUCTS_DIR; };
		ADBBC31927825FE80068D066 /* PortfolioItemTests.swift */ = {isa = PBXFileReference; lastKnownFileType = sourcecode.swift; path = PortfolioItemTests.swift; sourceTree = "<group>"; };
		ADBD414D272B3B1E00BB3327 /* finance.app */ = {isa = PBXFileReference; explicitFileType = wrapper.application; includeInIndex = 0; path = finance.app; sourceTree = BUILT_PRODUCTS_DIR; };
		ADBD4150272B3B1E00BB3327 /* AppDelegate.swift */ = {isa = PBXFileReference; lastKnownFileType = sourcecode.swift; path = AppDelegate.swift; sourceTree = "<group>"; };
		ADBD4152272B3B1E00BB3327 /* SceneDelegate.swift */ = {isa = PBXFileReference; lastKnownFileType = sourcecode.swift; path = SceneDelegate.swift; sourceTree = "<group>"; };
		ADBD4154272B3B1E00BB3327 /* MainViewController.swift */ = {isa = PBXFileReference; lastKnownFileType = sourcecode.swift; path = MainViewController.swift; sourceTree = "<group>"; };
		ADBD4159272B3B1F00BB3327 /* Assets.xcassets */ = {isa = PBXFileReference; lastKnownFileType = folder.assetcatalog; path = Assets.xcassets; sourceTree = "<group>"; };
		ADBD415C272B3B1F00BB3327 /* Base */ = {isa = PBXFileReference; lastKnownFileType = file.storyboard; name = Base; path = Base.lproj/LaunchScreen.storyboard; sourceTree = "<group>"; };
		ADBD415E272B3B1F00BB3327 /* Info.plist */ = {isa = PBXFileReference; lastKnownFileType = text.plist.xml; path = Info.plist; sourceTree = "<group>"; };
		ADBD4165272B3CC500BB3327 /* PortfolioView.swift */ = {isa = PBXFileReference; lastKnownFileType = sourcecode.swift; path = PortfolioView.swift; sourceTree = "<group>"; };
		ADBD4167272B3EF000BB3327 /* BaseViewController.swift */ = {isa = PBXFileReference; lastKnownFileType = sourcecode.swift; path = BaseViewController.swift; sourceTree = "<group>"; };
		ADC3F67A278F60A80087294D /* PortfolioItem+Identifiable.swift */ = {isa = PBXFileReference; lastKnownFileType = sourcecode.swift; path = "PortfolioItem+Identifiable.swift"; sourceTree = "<group>"; };
		ADC3F67C278F611B0087294D /* CustomContentConfiguration.swift */ = {isa = PBXFileReference; lastKnownFileType = sourcecode.swift; path = CustomContentConfiguration.swift; sourceTree = "<group>"; };
		ADC3F68C278F62D10087294D /* UpdateViewController+UITextFieldDelegate.swift */ = {isa = PBXFileReference; lastKnownFileType = sourcecode.swift; path = "UpdateViewController+UITextFieldDelegate.swift"; sourceTree = "<group>"; };
		ADD1EFA227A1B5AD002A4055 /* BrokerNoteUpdateView.swift */ = {isa = PBXFileReference; lastKnownFileType = sourcecode.swift; path = BrokerNoteUpdateView.swift; sourceTree = "<group>"; };
		ADD1EFA427A1BC2F002A4055 /* BrokerNoteUpdateViewController.swift */ = {isa = PBXFileReference; lastKnownFileType = sourcecode.swift; path = BrokerNoteUpdateViewController.swift; sourceTree = "<group>"; };
		ADD677682796E06700880AE8 /* NavigationAccessoryView.swift */ = {isa = PBXFileReference; lastKnownFileType = sourcecode.swift; path = NavigationAccessoryView.swift; sourceTree = "<group>"; };
		ADEB66AB272C3279002AFAE3 /* portfolio.json */ = {isa = PBXFileReference; lastKnownFileType = text.json; path = portfolio.json; sourceTree = "<group>"; };
		EBDF3245FEF1177F4071BD72 /* PortfolioNavigationController.swift */ = {isa = PBXFileReference; fileEncoding = 4; lastKnownFileType = sourcecode.swift; path = PortfolioNavigationController.swift; sourceTree = "<group>"; };
		EBDF35CA014AE318370973AE /* SummaryNavigationController.swift */ = {isa = PBXFileReference; fileEncoding = 4; lastKnownFileType = sourcecode.swift; path = SummaryNavigationController.swift; sourceTree = "<group>"; };
		EBDF36E0DCEDBEA7026F554B /* CustomContentView.swift */ = {isa = PBXFileReference; fileEncoding = 4; lastKnownFileType = sourcecode.swift; path = CustomContentView.swift; sourceTree = "<group>"; };
		EBDF3C4A2EF3A78078840235 /* .gitignore */ = {isa = PBXFileReference; lastKnownFileType = file.gitignore; path = .gitignore; sourceTree = "<group>"; };
/* End PBXFileReference section */

/* Begin PBXFrameworksBuildPhase section */
		ADBBC31427825FE80068D066 /* Frameworks */ = {
			isa = PBXFrameworksBuildPhase;
			buildActionMask = 2147483647;
			files = (
			);
			runOnlyForDeploymentPostprocessing = 0;
		};
		ADBD414A272B3B1E00BB3327 /* Frameworks */ = {
			isa = PBXFrameworksBuildPhase;
			buildActionMask = 2147483647;
			files = (
				ADBBB65C2798270B00B596A5 /* SwiftyJSON in Frameworks */,
			);
			runOnlyForDeploymentPostprocessing = 0;
		};
/* End PBXFrameworksBuildPhase section */

/* Begin PBXGroup section */
		AD041F9027A0271800C9A815 /* BrokerNote */ = {
			isa = PBXGroup;
			children = (
				AD041F8B27A026B200C9A815 /* BrokerNote+CoreDataProperties.swift */,
				AD041F9127A0271800C9A815 /* BrokerNote+CoreDataClass.swift */,
				AD041FAA27A02EB700C9A815 /* BrokerNote+ViewModel.swift */,
				AD041FC527A068D500C9A815 /* BrokerNote+extension.swift */,
			);
			path = BrokerNote;
			sourceTree = "<group>";
		};
		AD041F9527A0278000C9A815 /* BrokerNoteSummary */ = {
			isa = PBXGroup;
			children = (
				AD041FB927A03AAB00C9A815 /* BrokerNoteSummaryNavigationController.swift */,
				AD041FAC27A02F8F00C9A815 /* Implementations */,
				AD041F9627A0278A00C9A815 /* Protocols */,
				AD041FC727A06A4200C9A815 /* BrokerNoteContentConfiguration.swift */,
				AD041FC927A0760400C9A815 /* BrokerNoteContentView.swift */,
				ADD1EFA227A1B5AD002A4055 /* BrokerNoteUpdateView.swift */,
				ADD1EFA427A1BC2F002A4055 /* BrokerNoteUpdateViewController.swift */,
			);
			path = BrokerNoteSummary;
			sourceTree = "<group>";
		};
		AD041F9627A0278A00C9A815 /* Protocols */ = {
			isa = PBXGroup;
			children = (
				AD041F9827A027A800C9A815 /* BrokerNoteSummaryViewProtocol.swift */,
				AD041F9E27A02DBB00C9A815 /* BrokerNoteSummaryInteractorProtocol.swift */,
				AD041FA027A02DDA00C9A815 /* BrokerNoteSummaryPresenterProtocol.swift */,
				AD041FA427A02E1400C9A815 /* BrokerNoteSummaryWorkerProtocol.swift */,
				AD041FA627A02E3100C9A815 /* BrokerNoteSummaryConfiguratorProtocol.swift */,
			);
			path = Protocols;
			sourceTree = "<group>";
		};
		AD041FAC27A02F8F00C9A815 /* Implementations */ = {
			isa = PBXGroup;
			children = (
				AD041FA827A02E6C00C9A815 /* BrokerNoteSummaryTableViewDataSource.swift */,
				AD041FAD27A02FE300C9A815 /* BrokerNoteSummaryTableViewDelegate.swift */,
				AD041FAF27A0309400C9A815 /* BrokerNoteSummaryViewController.swift */,
				AD041FB127A0324D00C9A815 /* BrokerNoteSummaryInteractor.swift */,
				AD041FB327A032DD00C9A815 /* BrokerNoteSummaryPresenter.swift */,
				AD041FBB27A03B4600C9A815 /* BrokerNoteSummaryConfigurator.swift */,
				AD041FBF27A05E5700C9A815 /* BrokerNoteSummaryWorker.swift */,
			);
			path = Implementations;
			sourceTree = "<group>";
		};
		AD0D22F9279C567400CBA554 /* Protocols */ = {
			isa = PBXGroup;
			children = (
				AD0D22FA279C568500CBA554 /* SummaryViewProtocol.swift */,
				AD0D22FC279C5AFA00CBA554 /* SummaryInteractorProtocol.swift */,
				AD0D22FE279C5B1100CBA554 /* SummaryRouterProtocol.swift */,
				AD0D2300279C5B2800CBA554 /* SummaryPresenterProtocol.swift */,
				AD0D2302279C5B3C00CBA554 /* SummaryWorkerProtocol.swift */,
				AD0D2309279C5BC400CBA554 /* SummaryConfiguratorProtocol.swift */,
			);
			path = Protocols;
			sourceTree = "<group>";
		};
		AD0D2304279C5B4E00CBA554 /* Implementations */ = {
			isa = PBXGroup;
			children = (
				AD0D2305279C5B5900CBA554 /* SummaryTableViewDelegate.swift */,
				AD0D2307279C5B7B00CBA554 /* SummaryTableViewDataSource.swift */,
				AD0D230E279C5E6900CBA554 /* SummaryConfigurator.swift */,
				AD0D2310279D8CC900CBA554 /* SummaryViewController.swift */,
				AD0D2312279D8D4300CBA554 /* SummaryRouter.swift */,
				AD0D2314279D8D5D00CBA554 /* SummaryWorker.swift */,
				AD0D2316279D8DBF00CBA554 /* SummaryPresenter.swift */,
				AD0D2318279D8DE900CBA554 /* SummaryInteractor.swift */,
			);
			path = Implementations;
			sourceTree = "<group>";
		};
		AD0D230B279C5BE800CBA554 /* SummaryItem */ = {
			isa = PBXGroup;
			children = (
				ADBBB66127999DDB00B596A5 /* SummaryItem.swift */,
				AD0D230C279C5C0900CBA554 /* SummaryItem+ViewModel.swift */,
			);
			path = SummaryItem;
			sourceTree = "<group>";
		};
		AD162ABF2792F2FF00E77FC1 /* Transactions */ = {
			isa = PBXGroup;
			children = (
				AD948328279DC52C0098E194 /* Implementations */,
				AD94831B279DC3310098E194 /* Protocols */,
				AD162AC327934D2F00E77FC1 /* TransactionContentView.swift */,
				AD36D8A7279492290043EB93 /* TransactionContentConfiguration.swift */,
				AD36D8A9279492860043EB93 /* UpdateTransactionViewController.swift */,
				AD36D8AB279492B60043EB93 /* UpdateTransactionView.swift */,
				AD36D8AD279492DD0043EB93 /* CustomLocalization+Transactions.swift */,
				ADBBB64C2797375600B596A5 /* UpdateTransactionViewController+UITextFieldDelegate.swift */,
				ADBBB64E2797377600B596A5 /* UpdateTransactionViewController+NavigationAccessoryDelegate.swift */,
				ADBBB658279756C600B596A5 /* UpdateTransactionViewController+SaveCancelNavigationDelegate.swift */,
				AD94833B279DCCEC0098E194 /* TransactionNavigationController.swift */,
			);
			path = Transactions;
			sourceTree = "<group>";
		};
		AD162AC22792F92C00E77FC1 /* Transaction */ = {
			isa = PBXGroup;
			children = (
				AD9F420A27921B0A002A472F /* Transaction+CoreDataClass.swift */,
				AD9F420B27921B0A002A472F /* Transaction+CoreDataProperties.swift */,
				AD948335279DC8150098E194 /* Transaction+ViewModel.swift */,
			);
			path = Transaction;
			sourceTree = "<group>";
		};
		AD19B73F277E3FDB00D459EA /* CoreData */ = {
			isa = PBXGroup;
			children = (
				AD36B05B27864B2600040D25 /* Datastore */,
				AD19B741277E402600D459EA /* Persistence.swift */,
				AD19B7432782217700D459EA /* FinanceModel.xcdatamodeld */,
			);
			path = CoreData;
			sourceTree = "<group>";
		};
		AD281020278759FA00BA4136 /* Network */ = {
			isa = PBXGroup;
			children = (
				AD28102127875A0700BA4136 /* NetworkWorker.swift */,
				AD2810232787648C00BA4136 /* Quote.swift */,
			);
			path = Network;
			sourceTree = "<group>";
		};
		AD2810252787676300BA4136 /* Utils */ = {
			isa = PBXGroup;
			children = (
				AD2810262787676E00BA4136 /* Formatter.swift */,
				AD8E9A622795E757005164F6 /* Mock.swift */,
				ADBBB64A279736CE00B596A5 /* NavigationManager.swift */,
			);
			path = Utils;
			sourceTree = "<group>";
		};
		AD36B05B27864B2600040D25 /* Datastore */ = {
			isa = PBXGroup;
			children = (
				AD36B05C27864B3A00040D25 /* PortfolioDatastore.swift */,
				AD36D8AF279492F30043EB93 /* TransactionDataStore.swift */,
				ADBBB66327999E0800B596A5 /* SummaryDataStore.swift */,
			);
			path = Datastore;
			sourceTree = "<group>";
		};
		AD4BC664277A8D9500593CEE /* Extensions */ = {
			isa = PBXGroup;
			children = (
				AD4BC665277A8DAD00593CEE /* UITableView+extension.swift */,
				AD281028278768B400BA4136 /* NumberFormatter+extension.swift */,
				ADBBB6652799BBBC00B596A5 /* UITableViewCell+RegistrableTableViewCell.swift */,
				ADBBB66A2799D5C700B596A5 /* UUID+extension.swift */,
			);
			path = Extensions;
			sourceTree = "<group>";
		};
		AD58D52C272CC7CA0047847C /* Model */ = {
			isa = PBXGroup;
			children = (
				AD041F9027A0271800C9A815 /* BrokerNote */,
				AD0D230B279C5BE800CBA554 /* SummaryItem */,
				AD162AC22792F92C00E77FC1 /* Transaction */,
				ADC3F679278F606B0087294D /* PortfolioItem */,
				AD0D22F7279C1D7600CBA554 /* Box.swift */,
			);
			path = Model;
			sourceTree = "<group>";
		};
		AD77DF622784ED7500D6AB9D /* UpdateView */ = {
			isa = PBXGroup;
			children = (
				AD77DF632784EDB600D6AB9D /* UpdateView.swift */,
				AD77DF652784EFF300D6AB9D /* UpdateViewController.swift */,
				AD36B0592786197C00040D25 /* CustomLocalization+UpdateView.swift */,
				ADC3F68C278F62D10087294D /* UpdateViewController+UITextFieldDelegate.swift */,
				ADBBB6502797390200B596A5 /* UpdateViewController+NavigationAccessoryDelegate.swift */,
				ADBBB6562797459200B596A5 /* UpdateViewController+SaveCancelNavigationDelegate.swift */,
			);
			path = UpdateView;
			sourceTree = "<group>";
		};
		AD94831B279DC3310098E194 /* Protocols */ = {
			isa = PBXGroup;
			children = (
				AD94831C279DC3420098E194 /* TransactionViewProtocol.swift */,
				AD94831E279DC3890098E194 /* TransactionInteractorProtocol.swift */,
				AD948320279DC3B50098E194 /* TransactionPresenterProtocol.swift */,
				AD948322279DC3EE0098E194 /* TransactionRouterProtocol.swift */,
				AD948324279DC4280098E194 /* TransactionWorkerProtocol.swift */,
				AD948326279DC4650098E194 /* TransactionConfiguratorProtocol.swift */,
			);
			path = Protocols;
			sourceTree = "<group>";
		};
		AD948328279DC52C0098E194 /* Implementations */ = {
			isa = PBXGroup;
			children = (
				AD948329279DC5930098E194 /* TransactionConfigurator.swift */,
				AD94832B279DC5FF0098E194 /* TransactionViewController.swift */,
				AD94832D279DC6960098E194 /* TransactionInteractor.swift */,
				AD94832F279DC6E80098E194 /* TransactionWorker.swift */,
				AD948331279DC7010098E194 /* TransactionRouter.swift */,
				AD948333279DC7450098E194 /* TransactionPresenter.swift */,
				AD948337279DCA100098E194 /* TransactionTableViewDataSource.swift */,
				AD948339279DCB4F0098E194 /* TransactionTableViewDelegate.swift */,
			);
			path = Implementations;
			sourceTree = "<group>";
		};
		ADAEFF32273561C400C7ABAE /* Localization */ = {
			isa = PBXGroup;
			children = (
				ADAEFF2A27355D7700C7ABAE /* CustomLocalization.swift */,
				ADAEFF30273560D400C7ABAE /* Localizable.strings */,
			);
			path = Localization;
			sourceTree = "<group>";
		};
		ADBBB6692799D56800B596A5 /* Protocols */ = {
			isa = PBXGroup;
			children = (
				ADBBB670279ADD3400B596A5 /* PortfolioViewProtocol.swift */,
				ADBBB672279ADD5900B596A5 /* PortfolioInteractorProtocol.swift */,
				ADBBB674279ADD6F00B596A5 /* PortfolioWorkerProtocol.swift */,
				ADBBB676279ADD8900B596A5 /* PortfolioPresenterProtocol.swift */,
				ADBBB678279ADDB100B596A5 /* PortfolioRouterProtocol.swift */,
				ADBBB67A279ADDCA00B596A5 /* PortfolioConfiguratorProtocol.swift */,
			);
			path = Protocols;
			sourceTree = "<group>";
		};
		ADBBB67C279ADDE600B596A5 /* Implementations */ = {
			isa = PBXGroup;
			children = (
				ADBBB67D279ADDF200B596A5 /* PortfolioConfigurator.swift */,
				ADBBB67F279ADE0800B596A5 /* PortfolioRouter.swift */,
				ADBBB683279ADE4800B596A5 /* PortfolioPresenter.swift */,
				ADBBB685279ADE6100B596A5 /* PortfolioInteractor.swift */,
				ADBBB687279ADE9600B596A5 /* PortfolioWorker.swift */,
				ADBBB689279ADEA900B596A5 /* PortfolioViewController.swift */,
				ADBBB68B279ADEC800B596A5 /* PortfolioTableViewDataSource.swift */,
				ADBBB68D279ADEDE00B596A5 /* PortfolioTableViewDelegate.swift */,
			);
			path = Implementations;
			sourceTree = "<group>";
		};
		ADBBC31827825FE80068D066 /* financeTests */ = {
			isa = PBXGroup;
			children = (
				ADBBC31927825FE80068D066 /* PortfolioItemTests.swift */,
				AD9F420827920F0D002A472F /* TransactionTests.swift */,
			);
			path = financeTests;
			sourceTree = "<group>";
		};
		ADBD4144272B3B1E00BB3327 = {
			isa = PBXGroup;
			children = (
				ADBD414F272B3B1E00BB3327 /* finance */,
				ADBBC31827825FE80068D066 /* financeTests */,
				ADBD414E272B3B1E00BB3327 /* Products */,
				EBDF3C4A2EF3A78078840235 /* .gitignore */,
			);
			sourceTree = "<group>";
		};
		ADBD414E272B3B1E00BB3327 /* Products */ = {
			isa = PBXGroup;
			children = (
				ADBD414D272B3B1E00BB3327 /* finance.app */,
				ADBBC31727825FE80068D066 /* financeTests.xctest */,
			);
			name = Products;
			sourceTree = "<group>";
		};
		ADBD414F272B3B1E00BB3327 /* finance */ = {
			isa = PBXGroup;
			children = (
				AD2810252787676300BA4136 /* Utils */,
				AD281020278759FA00BA4136 /* Network */,
				AD19B73F277E3FDB00D459EA /* CoreData */,
				AD4BC664277A8D9500593CEE /* Extensions */,
				ADAEFF32273561C400C7ABAE /* Localization */,
				AD58D52C272CC7CA0047847C /* Model */,
				ADEB66A9272C325C002AFAE3 /* Mock */,
				ADBD4169272B3FB700BB3327 /* ViewController */,
				ADBD4164272B3CA800BB3327 /* Views */,
				ADBD4150272B3B1E00BB3327 /* AppDelegate.swift */,
				ADBD4152272B3B1E00BB3327 /* SceneDelegate.swift */,
				ADBD4159272B3B1F00BB3327 /* Assets.xcassets */,
				ADBD415B272B3B1F00BB3327 /* LaunchScreen.storyboard */,
				ADBD415E272B3B1F00BB3327 /* Info.plist */,
				EBDF37E648074FC97F24035F /* Protocols */,
				EBDF3D33351F47B826444740 /* Features */,
			);
			path = finance;
			sourceTree = "<group>";
		};
		ADBD4164272B3CA800BB3327 /* Views */ = {
			isa = PBXGroup;
			children = (
				ADBD4165272B3CC500BB3327 /* PortfolioView.swift */,
				ADD677682796E06700880AE8 /* NavigationAccessoryView.swift */,
				ADBBB6522797426A00B596A5 /* SaveCancelNavigationBar.swift */,
			);
			path = Views;
			sourceTree = "<group>";
		};
		ADBD4169272B3FB700BB3327 /* ViewController */ = {
			isa = PBXGroup;
			children = (
				ADBD4154272B3B1E00BB3327 /* MainViewController.swift */,
				ADBD4167272B3EF000BB3327 /* BaseViewController.swift */,
			);
			path = ViewController;
			sourceTree = "<group>";
		};
		ADC3F679278F606B0087294D /* PortfolioItem */ = {
			isa = PBXGroup;
			children = (
				AD58D52D272CC7E60047847C /* PortfolioItem+extension.swift */,
				AD19B74E27822C8400D459EA /* PortfolioItem+CoreDataClass.swift */,
				AD19B74F27822C8400D459EA /* PortfolioItem+CoreDataProperties.swift */,
				ADC3F67A278F60A80087294D /* PortfolioItem+Identifiable.swift */,
				ADBBB68F279B1A7C00B596A5 /* PortfolioItem+ViewModel.swift */,
			);
			path = PortfolioItem;
			sourceTree = "<group>";
		};
		ADEB66A9272C325C002AFAE3 /* Mock */ = {
			isa = PBXGroup;
			children = (
				ADEB66AA272C3264002AFAE3 /* Data */,
			);
			path = Mock;
			sourceTree = "<group>";
		};
		ADEB66AA272C3264002AFAE3 /* Data */ = {
			isa = PBXGroup;
			children = (
				ADEB66AB272C3279002AFAE3 /* portfolio.json */,
				AD58D52A272CC0E60047847C /* portfolioExpected.json */,
				AD325C442791BFAC00CDBB24 /* transactions.json */,
			);
			path = Data;
			sourceTree = "<group>";
		};
		EBDF332B5FD4B2EE327BA42F /* PortfolioManager */ = {
			isa = PBXGroup;
			children = (
				ADBBB67C279ADDE600B596A5 /* Implementations */,
				ADBBB6692799D56800B596A5 /* Protocols */,
				AD77DF622784ED7500D6AB9D /* UpdateView */,
				EBDF3245FEF1177F4071BD72 /* PortfolioNavigationController.swift */,
				ADAEFF342735669100C7ABAE /* CustomLocalization+PortfolioManager.swift */,
			);
			path = PortfolioManager;
			sourceTree = "<group>";
		};
		EBDF37E648074FC97F24035F /* Protocols */ = {
			isa = PBXGroup;
			children = (
				ADBBB6482797354600B596A5 /* NavigationAccessoryDelegate.swift */,
				ADBBB6542797428100B596A5 /* SaveCancelNavigationDelegate.swift */,
				ADBBB65D27999CB000B596A5 /* FullDatastore.swift */,
				ADBBB65F27999CCA00B596A5 /* ReadOnlyDatastore.swift */,
				ADBBB6672799BBDE00B596A5 /* RegistrableTableViewCell.swift */,
			);
			path = Protocols;
			sourceTree = "<group>";
		};
		EBDF3A51A9C3FC237753426D /* PortfolioSummary */ = {
			isa = PBXGroup;
			children = (
				AD0D2304279C5B4E00CBA554 /* Implementations */,
				AD0D22F9279C567400CBA554 /* Protocols */,
				EBDF35CA014AE318370973AE /* SummaryNavigationController.swift */,
				ADAEFF36273566BD00C7ABAE /* CustomLocalization+Summary.swift */,
				EBDF36E0DCEDBEA7026F554B /* CustomContentView.swift */,
				ADC3F67C278F611B0087294D /* CustomContentConfiguration.swift */,
			);
			path = PortfolioSummary;
			sourceTree = "<group>";
		};
		EBDF3D33351F47B826444740 /* Features */ = {
			isa = PBXGroup;
			children = (
				AD162ABF2792F2FF00E77FC1 /* Transactions */,
				EBDF332B5FD4B2EE327BA42F /* PortfolioManager */,
				EBDF3A51A9C3FC237753426D /* PortfolioSummary */,
			);
			path = Features;
			sourceTree = "<group>";
		};
/* End PBXGroup section */

/* Begin PBXNativeTarget section */
		ADBBC31627825FE80068D066 /* financeTests */ = {
			isa = PBXNativeTarget;
			buildConfigurationList = ADBBC31D27825FE80068D066 /* Build configuration list for PBXNativeTarget "financeTests" */;
			buildPhases = (
				ADBBC31327825FE80068D066 /* Sources */,
				ADBBC31427825FE80068D066 /* Frameworks */,
				ADBBC31527825FE80068D066 /* Resources */,
			);
			buildRules = (
			);
			dependencies = (
				ADBBC31C27825FE80068D066 /* PBXTargetDependency */,
			);
			name = financeTests;
			productName = financeTests;
			productReference = ADBBC31727825FE80068D066 /* financeTests.xctest */;
			productType = "com.apple.product-type.bundle.unit-test";
		};
		ADBD414C272B3B1E00BB3327 /* finance */ = {
			isa = PBXNativeTarget;
			buildConfigurationList = ADBD4161272B3B1F00BB3327 /* Build configuration list for PBXNativeTarget "finance" */;
			buildPhases = (
				ADBD4149272B3B1E00BB3327 /* Sources */,
				ADBD414A272B3B1E00BB3327 /* Frameworks */,
				ADBD414B272B3B1E00BB3327 /* Resources */,
			);
			buildRules = (
			);
			dependencies = (
			);
			name = finance;
			packageProductDependencies = (
				ADBBB65B2798270B00B596A5 /* SwiftyJSON */,
			);
			productName = finance;
			productReference = ADBD414D272B3B1E00BB3327 /* finance.app */;
			productType = "com.apple.product-type.application";
		};
/* End PBXNativeTarget section */

/* Begin PBXProject section */
		ADBD4145272B3B1E00BB3327 /* Project object */ = {
			isa = PBXProject;
			attributes = {
				BuildIndependentTargetsInParallel = 1;
				LastSwiftUpdateCheck = 1320;
				LastUpgradeCheck = 1310;
				TargetAttributes = {
					ADBBC31627825FE80068D066 = {
						CreatedOnToolsVersion = 13.2.1;
						TestTargetID = ADBD414C272B3B1E00BB3327;
					};
					ADBD414C272B3B1E00BB3327 = {
						CreatedOnToolsVersion = 13.1;
					};
				};
			};
			buildConfigurationList = ADBD4148272B3B1E00BB3327 /* Build configuration list for PBXProject "finance" */;
			compatibilityVersion = "Xcode 13.0";
			developmentRegion = en;
			hasScannedForEncodings = 0;
			knownRegions = (
				en,
				Base,
				"pt-BR",
			);
			mainGroup = ADBD4144272B3B1E00BB3327;
			packageReferences = (
				ADBBB65A2798270B00B596A5 /* XCRemoteSwiftPackageReference "SwiftyJSON" */,
			);
			productRefGroup = ADBD414E272B3B1E00BB3327 /* Products */;
			projectDirPath = "";
			projectRoot = "";
			targets = (
				ADBD414C272B3B1E00BB3327 /* finance */,
				ADBBC31627825FE80068D066 /* financeTests */,
			);
		};
/* End PBXProject section */

/* Begin PBXResourcesBuildPhase section */
		ADBBC31527825FE80068D066 /* Resources */ = {
			isa = PBXResourcesBuildPhase;
			buildActionMask = 2147483647;
			files = (
			);
			runOnlyForDeploymentPostprocessing = 0;
		};
		ADBD414B272B3B1E00BB3327 /* Resources */ = {
			isa = PBXResourcesBuildPhase;
			buildActionMask = 2147483647;
			files = (
				ADBD415D272B3B1F00BB3327 /* LaunchScreen.storyboard in Resources */,
				ADAEFF2E273560D400C7ABAE /* Localizable.strings in Resources */,
				AD325C452791BFAC00CDBB24 /* transactions.json in Resources */,
				ADEB66AC272C3279002AFAE3 /* portfolio.json in Resources */,
				AD58D52B272CC0E60047847C /* portfolioExpected.json in Resources */,
				ADBD415A272B3B1F00BB3327 /* Assets.xcassets in Resources */,
				EBDF3EFA1ED7B41B446B89E9 /* .gitignore in Resources */,
			);
			runOnlyForDeploymentPostprocessing = 0;
		};
/* End PBXResourcesBuildPhase section */

/* Begin PBXSourcesBuildPhase section */
		ADBBC31327825FE80068D066 /* Sources */ = {
			isa = PBXSourcesBuildPhase;
			buildActionMask = 2147483647;
			files = (
				AD9F420927920F0D002A472F /* TransactionTests.swift in Sources */,
				ADBBC31A27825FE80068D066 /* PortfolioItemTests.swift in Sources */,
			);
			runOnlyForDeploymentPostprocessing = 0;
		};
		ADBD4149272B3B1E00BB3327 /* Sources */ = {
			isa = PBXSourcesBuildPhase;
			buildActionMask = 2147483647;
			files = (
				AD0D2306279C5B5900CBA554 /* SummaryTableViewDelegate.swift in Sources */,
				AD94833A279DCB4F0098E194 /* TransactionTableViewDelegate.swift in Sources */,
				AD0D2319279D8DE900CBA554 /* SummaryInteractor.swift in Sources */,
				AD041FA127A02DDA00C9A815 /* BrokerNoteSummaryPresenterProtocol.swift in Sources */,
				AD0D2303279C5B3C00CBA554 /* SummaryWorkerProtocol.swift in Sources */,
				ADBBB68E279ADEDE00B596A5 /* PortfolioTableViewDelegate.swift in Sources */,
				ADBBB6662799BBBC00B596A5 /* UITableViewCell+RegistrableTableViewCell.swift in Sources */,
				ADBBB66B2799D5C700B596A5 /* UUID+extension.swift in Sources */,
				ADBD4168272B3EF000BB3327 /* BaseViewController.swift in Sources */,
				AD948334279DC7450098E194 /* TransactionPresenter.swift in Sources */,
				ADBD4155272B3B1E00BB3327 /* MainViewController.swift in Sources */,
				ADBBB675279ADD6F00B596A5 /* PortfolioWorkerProtocol.swift in Sources */,
				ADBBB66227999DDB00B596A5 /* SummaryItem.swift in Sources */,
				ADBD4151272B3B1E00BB3327 /* AppDelegate.swift in Sources */,
				ADBBB684279ADE4800B596A5 /* PortfolioPresenter.swift in Sources */,
				AD041FBA27A03AAB00C9A815 /* BrokerNoteSummaryNavigationController.swift in Sources */,
				AD0D2311279D8CC900CBA554 /* SummaryViewController.swift in Sources */,
				AD19B75027822C8400D459EA /* PortfolioItem+CoreDataClass.swift in Sources */,
				AD041F9F27A02DBB00C9A815 /* BrokerNoteSummaryInteractorProtocol.swift in Sources */,
				ADBBB6492797354600B596A5 /* NavigationAccessoryDelegate.swift in Sources */,
				AD0D22FB279C568500CBA554 /* SummaryViewProtocol.swift in Sources */,
				AD19B7452782217700D459EA /* FinanceModel.xcdatamodeld in Sources */,
				AD948321279DC3B50098E194 /* TransactionPresenterProtocol.swift in Sources */,
				AD0D2301279C5B2800CBA554 /* SummaryPresenterProtocol.swift in Sources */,
				AD58D52E272CC7E60047847C /* PortfolioItem+extension.swift in Sources */,
				AD94832A279DC5930098E194 /* TransactionConfigurator.swift in Sources */,
				ADAEFF352735669100C7ABAE /* CustomLocalization+PortfolioManager.swift in Sources */,
				AD041FA927A02E6C00C9A815 /* BrokerNoteSummaryTableViewDataSource.swift in Sources */,
				ADBD4153272B3B1E00BB3327 /* SceneDelegate.swift in Sources */,
				ADBBB68C279ADEC800B596A5 /* PortfolioTableViewDataSource.swift in Sources */,
				ADBD4166272B3CC500BB3327 /* PortfolioView.swift in Sources */,
				AD0D2315279D8D5D00CBA554 /* SummaryWorker.swift in Sources */,
				ADBBB64F2797377600B596A5 /* UpdateTransactionViewController+NavigationAccessoryDelegate.swift in Sources */,
				AD0D2308279C5B7B00CBA554 /* SummaryTableViewDataSource.swift in Sources */,
				AD0D22FD279C5AFA00CBA554 /* SummaryInteractorProtocol.swift in Sources */,
				AD041F9327A0271800C9A815 /* BrokerNote+CoreDataClass.swift in Sources */,
				ADC3F68D278F62D10087294D /* UpdateViewController+UITextFieldDelegate.swift in Sources */,
				ADBBB690279B1A7C00B596A5 /* PortfolioItem+ViewModel.swift in Sources */,
				AD041FB227A0324D00C9A815 /* BrokerNoteSummaryInteractor.swift in Sources */,
				AD94832C279DC5FF0098E194 /* TransactionViewController.swift in Sources */,
				AD041FB427A032DD00C9A815 /* BrokerNoteSummaryPresenter.swift in Sources */,
				AD948330279DC6E80098E194 /* TransactionWorker.swift in Sources */,
				AD36B05A2786197C00040D25 /* CustomLocalization+UpdateView.swift in Sources */,
				ADBBB64B279736CE00B596A5 /* NavigationManager.swift in Sources */,
				ADBBB673279ADD5900B596A5 /* PortfolioInteractorProtocol.swift in Sources */,
				AD9F420D27921B0A002A472F /* Transaction+CoreDataProperties.swift in Sources */,
				AD36D8AE279492DD0043EB93 /* CustomLocalization+Transactions.swift in Sources */,
				AD948336279DC8150098E194 /* Transaction+ViewModel.swift in Sources */,
				ADBBB6552797428100B596A5 /* SaveCancelNavigationDelegate.swift in Sources */,
				ADD1EFA327A1B5AD002A4055 /* BrokerNoteUpdateView.swift in Sources */,
				ADBBB65E27999CB000B596A5 /* FullDatastore.swift in Sources */,
				ADC3F67D278F611B0087294D /* CustomContentConfiguration.swift in Sources */,
				AD162AC427934D2F00E77FC1 /* TransactionContentView.swift in Sources */,
				ADBBB68A279ADEA900B596A5 /* PortfolioViewController.swift in Sources */,
				ADBBB677279ADD8900B596A5 /* PortfolioPresenterProtocol.swift in Sources */,
				AD94833C279DCCEC0098E194 /* TransactionNavigationController.swift in Sources */,
				AD2810272787676E00BA4136 /* Formatter.swift in Sources */,
				AD041F9927A027A800C9A815 /* BrokerNoteSummaryViewProtocol.swift in Sources */,
				AD948338279DCA100098E194 /* TransactionTableViewDataSource.swift in Sources */,
				ADBBB64D2797375600B596A5 /* UpdateTransactionViewController+UITextFieldDelegate.swift in Sources */,
				AD28102227875A0700BA4136 /* NetworkWorker.swift in Sources */,
				AD36B05D27864B3A00040D25 /* PortfolioDatastore.swift in Sources */,
				AD041FA727A02E3100C9A815 /* BrokerNoteSummaryConfiguratorProtocol.swift in Sources */,
				AD36D8B0279492F30043EB93 /* TransactionDataStore.swift in Sources */,
				AD4BC666277A8DAD00593CEE /* UITableView+extension.swift in Sources */,
				ADAEFF2B27355D7700C7ABAE /* CustomLocalization.swift in Sources */,
				AD0D230F279C5E6900CBA554 /* SummaryConfigurator.swift in Sources */,
				AD0D22FF279C5B1100CBA554 /* SummaryRouterProtocol.swift in Sources */,
				AD36D8AA279492860043EB93 /* UpdateTransactionViewController.swift in Sources */,
				AD8E9A632795E757005164F6 /* Mock.swift in Sources */,
				ADBBB67E279ADDF200B596A5 /* PortfolioConfigurator.swift in Sources */,
				AD0D22F8279C1D7700CBA554 /* Box.swift in Sources */,
				ADBBB6572797459200B596A5 /* UpdateViewController+SaveCancelNavigationDelegate.swift in Sources */,
				AD041FB027A0309400C9A815 /* BrokerNoteSummaryViewController.swift in Sources */,
				ADBBB680279ADE0800B596A5 /* PortfolioRouter.swift in Sources */,
				AD94831F279DC3890098E194 /* TransactionInteractorProtocol.swift in Sources */,
				AD36D8AC279492B60043EB93 /* UpdateTransactionView.swift in Sources */,
				EBDF34580807606EE48EFD90 /* PortfolioNavigationController.swift in Sources */,
				AD041FBC27A03B4600C9A815 /* BrokerNoteSummaryConfigurator.swift in Sources */,
				AD948332279DC7010098E194 /* TransactionRouter.swift in Sources */,
				ADBBB66427999E0800B596A5 /* SummaryDataStore.swift in Sources */,
				ADBBB688279ADE9600B596A5 /* PortfolioWorker.swift in Sources */,
				AD94832E279DC6960098E194 /* TransactionInteractor.swift in Sources */,
				AD948323279DC3EE0098E194 /* TransactionRouterProtocol.swift in Sources */,
				AD0D230A279C5BC400CBA554 /* SummaryConfiguratorProtocol.swift in Sources */,
				ADBBB6682799BBDE00B596A5 /* RegistrableTableViewCell.swift in Sources */,
				ADBBB6512797390200B596A5 /* UpdateViewController+NavigationAccessoryDelegate.swift in Sources */,
				AD948325279DC4280098E194 /* TransactionWorkerProtocol.swift in Sources */,
				AD041F8C27A026B200C9A815 /* BrokerNote+CoreDataProperties.swift in Sources */,
				ADAEFF37273566BD00C7ABAE /* CustomLocalization+Summary.swift in Sources */,
				AD041FC027A05E5700C9A815 /* BrokerNoteSummaryWorker.swift in Sources */,
				AD0D2313279D8D4300CBA554 /* SummaryRouter.swift in Sources */,
				AD19B742277E402600D459EA /* Persistence.swift in Sources */,
				ADD677692796E06700880AE8 /* NavigationAccessoryView.swift in Sources */,
				ADC3F67B278F60A80087294D /* PortfolioItem+Identifiable.swift in Sources */,
				AD281029278768B400BA4136 /* NumberFormatter+extension.swift in Sources */,
				ADBBB671279ADD3400B596A5 /* PortfolioViewProtocol.swift in Sources */,
				AD36D8A8279492290043EB93 /* TransactionContentConfiguration.swift in Sources */,
				AD77DF642784EDB600D6AB9D /* UpdateView.swift in Sources */,
				AD2810242787648C00BA4136 /* Quote.swift in Sources */,
				AD041FC827A06A4200C9A815 /* BrokerNoteContentConfiguration.swift in Sources */,
				AD9F420C27921B0A002A472F /* Transaction+CoreDataClass.swift in Sources */,
				AD94831D279DC3420098E194 /* TransactionViewProtocol.swift in Sources */,
				AD19B75127822C8400D459EA /* PortfolioItem+CoreDataProperties.swift in Sources */,
				ADBBB659279756C600B596A5 /* UpdateTransactionViewController+SaveCancelNavigationDelegate.swift in Sources */,
				AD041FAE27A02FE300C9A815 /* BrokerNoteSummaryTableViewDelegate.swift in Sources */,
				EBDF37D6FE10FAB0EFB1E38E /* SummaryNavigationController.swift in Sources */,
				AD0D230D279C5C0900CBA554 /* SummaryItem+ViewModel.swift in Sources */,
				ADBBB686279ADE6100B596A5 /* PortfolioInteractor.swift in Sources */,
				ADBBB6532797426A00B596A5 /* SaveCancelNavigationBar.swift in Sources */,
				AD0D2317279D8DBF00CBA554 /* SummaryPresenter.swift in Sources */,
				AD041FAB27A02EB700C9A815 /* BrokerNote+ViewModel.swift in Sources */,
				AD948327279DC4650098E194 /* TransactionConfiguratorProtocol.swift in Sources */,
				EBDF37EB6D58FC11B4EE5387 /* CustomContentView.swift in Sources */,
				ADD1EFA527A1BC2F002A4055 /* BrokerNoteUpdateViewController.swift in Sources */,
				ADBBB67B279ADDCA00B596A5 /* PortfolioConfiguratorProtocol.swift in Sources */,
				AD041FC627A068D500C9A815 /* BrokerNote+extension.swift in Sources */,
				ADBBB679279ADDB100B596A5 /* PortfolioRouterProtocol.swift in Sources */,
				AD041FA527A02E1400C9A815 /* BrokerNoteSummaryWorkerProtocol.swift in Sources */,
				AD77DF662784EFF300D6AB9D /* UpdateViewController.swift in Sources */,
				ADBBB66027999CCA00B596A5 /* ReadOnlyDatastore.swift in Sources */,
				AD041FCA27A0760400C9A815 /* BrokerNoteContentView.swift in Sources */,
			);
			runOnlyForDeploymentPostprocessing = 0;
		};
/* End PBXSourcesBuildPhase section */

/* Begin PBXTargetDependency section */
		ADBBC31C27825FE80068D066 /* PBXTargetDependency */ = {
			isa = PBXTargetDependency;
			target = ADBD414C272B3B1E00BB3327 /* finance */;
			targetProxy = ADBBC31B27825FE80068D066 /* PBXContainerItemProxy */;
		};
/* End PBXTargetDependency section */

/* Begin PBXVariantGroup section */
		ADAEFF30273560D400C7ABAE /* Localizable.strings */ = {
			isa = PBXVariantGroup;
			children = (
				ADAEFF31273560FB00C7ABAE /* pt-BR */,
				ADAEFF332735621900C7ABAE /* en */,
			);
			name = Localizable.strings;
			sourceTree = "<group>";
		};
		ADBD415B272B3B1F00BB3327 /* LaunchScreen.storyboard */ = {
			isa = PBXVariantGroup;
			children = (
				ADBD415C272B3B1F00BB3327 /* Base */,
			);
			name = LaunchScreen.storyboard;
			sourceTree = "<group>";
		};
/* End PBXVariantGroup section */

/* Begin XCBuildConfiguration section */
		ADBBC31E27825FE80068D066 /* Debug */ = {
			isa = XCBuildConfiguration;
			buildSettings = {
				BUNDLE_LOADER = "$(TEST_HOST)";
				CODE_SIGN_STYLE = Automatic;
				CURRENT_PROJECT_VERSION = 1;
				DEVELOPMENT_TEAM = S85L3BQN65;
				GENERATE_INFOPLIST_FILE = YES;
				IPHONEOS_DEPLOYMENT_TARGET = 15.2;
				MARKETING_VERSION = 1.0;
				PRODUCT_BUNDLE_IDENTIFIER = me.radicheski.financeTests;
				PRODUCT_NAME = "$(TARGET_NAME)";
				SWIFT_EMIT_LOC_STRINGS = NO;
				SWIFT_VERSION = 5.0;
				TARGETED_DEVICE_FAMILY = "1,2";
				TEST_HOST = "$(BUILT_PRODUCTS_DIR)/finance.app/finance";
			};
			name = Debug;
		};
		ADBBC31F27825FE80068D066 /* Release */ = {
			isa = XCBuildConfiguration;
			buildSettings = {
				BUNDLE_LOADER = "$(TEST_HOST)";
				CODE_SIGN_STYLE = Automatic;
				CURRENT_PROJECT_VERSION = 1;
				DEVELOPMENT_TEAM = S85L3BQN65;
				GENERATE_INFOPLIST_FILE = YES;
				IPHONEOS_DEPLOYMENT_TARGET = 15.2;
				MARKETING_VERSION = 1.0;
				PRODUCT_BUNDLE_IDENTIFIER = me.radicheski.financeTests;
				PRODUCT_NAME = "$(TARGET_NAME)";
				SWIFT_EMIT_LOC_STRINGS = NO;
				SWIFT_VERSION = 5.0;
				TARGETED_DEVICE_FAMILY = "1,2";
				TEST_HOST = "$(BUILT_PRODUCTS_DIR)/finance.app/finance";
			};
			name = Release;
		};
		ADBD415F272B3B1F00BB3327 /* Debug */ = {
			isa = XCBuildConfiguration;
			buildSettings = {
				ALWAYS_SEARCH_USER_PATHS = NO;
				CLANG_ANALYZER_NONNULL = YES;
				CLANG_ANALYZER_NUMBER_OBJECT_CONVERSION = YES_AGGRESSIVE;
				CLANG_CXX_LANGUAGE_STANDARD = "gnu++17";
				CLANG_CXX_LIBRARY = "libc++";
				CLANG_ENABLE_MODULES = YES;
				CLANG_ENABLE_OBJC_ARC = YES;
				CLANG_ENABLE_OBJC_WEAK = YES;
				CLANG_WARN_BLOCK_CAPTURE_AUTORELEASING = YES;
				CLANG_WARN_BOOL_CONVERSION = YES;
				CLANG_WARN_COMMA = YES;
				CLANG_WARN_CONSTANT_CONVERSION = YES;
				CLANG_WARN_DEPRECATED_OBJC_IMPLEMENTATIONS = YES;
				CLANG_WARN_DIRECT_OBJC_ISA_USAGE = YES_ERROR;
				CLANG_WARN_DOCUMENTATION_COMMENTS = YES;
				CLANG_WARN_EMPTY_BODY = YES;
				CLANG_WARN_ENUM_CONVERSION = YES;
				CLANG_WARN_INFINITE_RECURSION = YES;
				CLANG_WARN_INT_CONVERSION = YES;
				CLANG_WARN_NON_LITERAL_NULL_CONVERSION = YES;
				CLANG_WARN_OBJC_IMPLICIT_RETAIN_SELF = YES;
				CLANG_WARN_OBJC_LITERAL_CONVERSION = YES;
				CLANG_WARN_OBJC_ROOT_CLASS = YES_ERROR;
				CLANG_WARN_QUOTED_INCLUDE_IN_FRAMEWORK_HEADER = YES;
				CLANG_WARN_RANGE_LOOP_ANALYSIS = YES;
				CLANG_WARN_STRICT_PROTOTYPES = YES;
				CLANG_WARN_SUSPICIOUS_MOVE = YES;
				CLANG_WARN_UNGUARDED_AVAILABILITY = YES_AGGRESSIVE;
				CLANG_WARN_UNREACHABLE_CODE = YES;
				CLANG_WARN__DUPLICATE_METHOD_MATCH = YES;
				COPY_PHASE_STRIP = NO;
				DEBUG_INFORMATION_FORMAT = dwarf;
				ENABLE_STRICT_OBJC_MSGSEND = YES;
				ENABLE_TESTABILITY = YES;
				GCC_C_LANGUAGE_STANDARD = gnu11;
				GCC_DYNAMIC_NO_PIC = NO;
				GCC_NO_COMMON_BLOCKS = YES;
				GCC_OPTIMIZATION_LEVEL = 0;
				GCC_PREPROCESSOR_DEFINITIONS = (
					"DEBUG=1",
					"$(inherited)",
				);
				GCC_WARN_64_TO_32_BIT_CONVERSION = YES;
				GCC_WARN_ABOUT_RETURN_TYPE = YES_ERROR;
				GCC_WARN_UNDECLARED_SELECTOR = YES;
				GCC_WARN_UNINITIALIZED_AUTOS = YES_AGGRESSIVE;
				GCC_WARN_UNUSED_FUNCTION = YES;
				GCC_WARN_UNUSED_VARIABLE = YES;
				IPHONEOS_DEPLOYMENT_TARGET = 15.0;
				MTL_ENABLE_DEBUG_INFO = INCLUDE_SOURCE;
				MTL_FAST_MATH = YES;
				ONLY_ACTIVE_ARCH = YES;
				SDKROOT = iphoneos;
				SWIFT_ACTIVE_COMPILATION_CONDITIONS = DEBUG;
				SWIFT_OPTIMIZATION_LEVEL = "-Onone";
			};
			name = Debug;
		};
		ADBD4160272B3B1F00BB3327 /* Release */ = {
			isa = XCBuildConfiguration;
			buildSettings = {
				ALWAYS_SEARCH_USER_PATHS = NO;
				CLANG_ANALYZER_NONNULL = YES;
				CLANG_ANALYZER_NUMBER_OBJECT_CONVERSION = YES_AGGRESSIVE;
				CLANG_CXX_LANGUAGE_STANDARD = "gnu++17";
				CLANG_CXX_LIBRARY = "libc++";
				CLANG_ENABLE_MODULES = YES;
				CLANG_ENABLE_OBJC_ARC = YES;
				CLANG_ENABLE_OBJC_WEAK = YES;
				CLANG_WARN_BLOCK_CAPTURE_AUTORELEASING = YES;
				CLANG_WARN_BOOL_CONVERSION = YES;
				CLANG_WARN_COMMA = YES;
				CLANG_WARN_CONSTANT_CONVERSION = YES;
				CLANG_WARN_DEPRECATED_OBJC_IMPLEMENTATIONS = YES;
				CLANG_WARN_DIRECT_OBJC_ISA_USAGE = YES_ERROR;
				CLANG_WARN_DOCUMENTATION_COMMENTS = YES;
				CLANG_WARN_EMPTY_BODY = YES;
				CLANG_WARN_ENUM_CONVERSION = YES;
				CLANG_WARN_INFINITE_RECURSION = YES;
				CLANG_WARN_INT_CONVERSION = YES;
				CLANG_WARN_NON_LITERAL_NULL_CONVERSION = YES;
				CLANG_WARN_OBJC_IMPLICIT_RETAIN_SELF = YES;
				CLANG_WARN_OBJC_LITERAL_CONVERSION = YES;
				CLANG_WARN_OBJC_ROOT_CLASS = YES_ERROR;
				CLANG_WARN_QUOTED_INCLUDE_IN_FRAMEWORK_HEADER = YES;
				CLANG_WARN_RANGE_LOOP_ANALYSIS = YES;
				CLANG_WARN_STRICT_PROTOTYPES = YES;
				CLANG_WARN_SUSPICIOUS_MOVE = YES;
				CLANG_WARN_UNGUARDED_AVAILABILITY = YES_AGGRESSIVE;
				CLANG_WARN_UNREACHABLE_CODE = YES;
				CLANG_WARN__DUPLICATE_METHOD_MATCH = YES;
				COPY_PHASE_STRIP = NO;
				DEBUG_INFORMATION_FORMAT = "dwarf-with-dsym";
				ENABLE_NS_ASSERTIONS = NO;
				ENABLE_STRICT_OBJC_MSGSEND = YES;
				GCC_C_LANGUAGE_STANDARD = gnu11;
				GCC_NO_COMMON_BLOCKS = YES;
				GCC_WARN_64_TO_32_BIT_CONVERSION = YES;
				GCC_WARN_ABOUT_RETURN_TYPE = YES_ERROR;
				GCC_WARN_UNDECLARED_SELECTOR = YES;
				GCC_WARN_UNINITIALIZED_AUTOS = YES_AGGRESSIVE;
				GCC_WARN_UNUSED_FUNCTION = YES;
				GCC_WARN_UNUSED_VARIABLE = YES;
				IPHONEOS_DEPLOYMENT_TARGET = 15.0;
				MTL_ENABLE_DEBUG_INFO = NO;
				MTL_FAST_MATH = YES;
				SDKROOT = iphoneos;
				SWIFT_COMPILATION_MODE = wholemodule;
				SWIFT_OPTIMIZATION_LEVEL = "-O";
				VALIDATE_PRODUCT = YES;
			};
			name = Release;
		};
		ADBD4162272B3B1F00BB3327 /* Debug */ = {
			isa = XCBuildConfiguration;
			buildSettings = {
				ASSETCATALOG_COMPILER_APPICON_NAME = AppIcon;
				ASSETCATALOG_COMPILER_GLOBAL_ACCENT_COLOR_NAME = AccentColor;
				CODE_SIGN_STYLE = Automatic;
				CURRENT_PROJECT_VERSION = 1;
				DEVELOPMENT_TEAM = S85L3BQN65;
				GENERATE_INFOPLIST_FILE = YES;
				INFOPLIST_FILE = finance/Info.plist;
				INFOPLIST_KEY_UIApplicationSupportsIndirectInputEvents = YES;
				INFOPLIST_KEY_UILaunchStoryboardName = LaunchScreen;
				INFOPLIST_KEY_UISupportedInterfaceOrientations_iPad = "UIInterfaceOrientationPortrait UIInterfaceOrientationPortraitUpsideDown UIInterfaceOrientationLandscapeLeft UIInterfaceOrientationLandscapeRight";
				INFOPLIST_KEY_UISupportedInterfaceOrientations_iPhone = "UIInterfaceOrientationPortrait UIInterfaceOrientationLandscapeLeft UIInterfaceOrientationLandscapeRight";
				LD_RUNPATH_SEARCH_PATHS = (
					"$(inherited)",
					"@executable_path/Frameworks",
				);
				MARKETING_VERSION = 1.0;
				PRODUCT_BUNDLE_IDENTIFIER = me.radicheski.finance;
				PRODUCT_NAME = "$(TARGET_NAME)";
				SWIFT_EMIT_LOC_STRINGS = YES;
				SWIFT_VERSION = 5.0;
				TARGETED_DEVICE_FAMILY = "1,2";
			};
			name = Debug;
		};
		ADBD4163272B3B1F00BB3327 /* Release */ = {
			isa = XCBuildConfiguration;
			buildSettings = {
				ASSETCATALOG_COMPILER_APPICON_NAME = AppIcon;
				ASSETCATALOG_COMPILER_GLOBAL_ACCENT_COLOR_NAME = AccentColor;
				CODE_SIGN_STYLE = Automatic;
				CURRENT_PROJECT_VERSION = 1;
				DEVELOPMENT_TEAM = S85L3BQN65;
				GENERATE_INFOPLIST_FILE = YES;
				INFOPLIST_FILE = finance/Info.plist;
				INFOPLIST_KEY_UIApplicationSupportsIndirectInputEvents = YES;
				INFOPLIST_KEY_UILaunchStoryboardName = LaunchScreen;
				INFOPLIST_KEY_UISupportedInterfaceOrientations_iPad = "UIInterfaceOrientationPortrait UIInterfaceOrientationPortraitUpsideDown UIInterfaceOrientationLandscapeLeft UIInterfaceOrientationLandscapeRight";
				INFOPLIST_KEY_UISupportedInterfaceOrientations_iPhone = "UIInterfaceOrientationPortrait UIInterfaceOrientationLandscapeLeft UIInterfaceOrientationLandscapeRight";
				LD_RUNPATH_SEARCH_PATHS = (
					"$(inherited)",
					"@executable_path/Frameworks",
				);
				MARKETING_VERSION = 1.0;
				PRODUCT_BUNDLE_IDENTIFIER = me.radicheski.finance;
				PRODUCT_NAME = "$(TARGET_NAME)";
				SWIFT_EMIT_LOC_STRINGS = YES;
				SWIFT_VERSION = 5.0;
				TARGETED_DEVICE_FAMILY = "1,2";
			};
			name = Release;
		};
/* End XCBuildConfiguration section */

/* Begin XCConfigurationList section */
		ADBBC31D27825FE80068D066 /* Build configuration list for PBXNativeTarget "financeTests" */ = {
			isa = XCConfigurationList;
			buildConfigurations = (
				ADBBC31E27825FE80068D066 /* Debug */,
				ADBBC31F27825FE80068D066 /* Release */,
			);
			defaultConfigurationIsVisible = 0;
			defaultConfigurationName = Release;
		};
		ADBD4148272B3B1E00BB3327 /* Build configuration list for PBXProject "finance" */ = {
			isa = XCConfigurationList;
			buildConfigurations = (
				ADBD415F272B3B1F00BB3327 /* Debug */,
				ADBD4160272B3B1F00BB3327 /* Release */,
			);
			defaultConfigurationIsVisible = 0;
			defaultConfigurationName = Release;
		};
		ADBD4161272B3B1F00BB3327 /* Build configuration list for PBXNativeTarget "finance" */ = {
			isa = XCConfigurationList;
			buildConfigurations = (
				ADBD4162272B3B1F00BB3327 /* Debug */,
				ADBD4163272B3B1F00BB3327 /* Release */,
			);
			defaultConfigurationIsVisible = 0;
			defaultConfigurationName = Release;
		};
/* End XCConfigurationList section */

/* Begin XCRemoteSwiftPackageReference section */
		ADBBB65A2798270B00B596A5 /* XCRemoteSwiftPackageReference "SwiftyJSON" */ = {
			isa = XCRemoteSwiftPackageReference;
			repositoryURL = "https://github.com/SwiftyJSON/SwiftyJSON.git";
			requirement = {
				kind = upToNextMajorVersion;
				minimumVersion = 5.0.0;
			};
		};
/* End XCRemoteSwiftPackageReference section */

/* Begin XCSwiftPackageProductDependency section */
		ADBBB65B2798270B00B596A5 /* SwiftyJSON */ = {
			isa = XCSwiftPackageProductDependency;
			package = ADBBB65A2798270B00B596A5 /* XCRemoteSwiftPackageReference "SwiftyJSON" */;
			productName = SwiftyJSON;
		};
/* End XCSwiftPackageProductDependency section */

/* Begin XCVersionGroup section */
		AD19B7432782217700D459EA /* FinanceModel.xcdatamodeld */ = {
			isa = XCVersionGroup;
			children = (
				AD19B7442782217700D459EA /* FinanceModel.xcdatamodel */,
			);
			currentVersion = AD19B7442782217700D459EA /* FinanceModel.xcdatamodel */;
			path = FinanceModel.xcdatamodeld;
			sourceTree = "<group>";
			versionGroupType = wrapper.xcdatamodel;
		};
/* End XCVersionGroup section */
	};
	rootObject = ADBD4145272B3B1E00BB3327 /* Project object */;
}
