// !$*UTF8*$!
{
	archiveVersion = 1;
	classes = {
	};
	objectVersion = 55;
	objects = {

/* Begin PBXBuildFile section */
		AD19B71B277E3A8A00D459EA /* PortfolioInteractor.swift in Sources */ = {isa = PBXBuildFile; fileRef = AD19B71A277E3A8A00D459EA /* PortfolioInteractor.swift */; };
		AD19B742277E402600D459EA /* Persistence.swift in Sources */ = {isa = PBXBuildFile; fileRef = AD19B741277E402600D459EA /* Persistence.swift */; };
		AD19B7452782217700D459EA /* FinanceModel.xcdatamodeld in Sources */ = {isa = PBXBuildFile; fileRef = AD19B7432782217700D459EA /* FinanceModel.xcdatamodeld */; };
		AD19B75027822C8400D459EA /* PortfolioItem+CoreDataClass.swift in Sources */ = {isa = PBXBuildFile; fileRef = AD19B74E27822C8400D459EA /* PortfolioItem+CoreDataClass.swift */; };
		AD19B75127822C8400D459EA /* PortfolioItem+CoreDataProperties.swift in Sources */ = {isa = PBXBuildFile; fileRef = AD19B74F27822C8400D459EA /* PortfolioItem+CoreDataProperties.swift */; };
		AD19B753278230BD00D459EA /* SwiftyJSON.swift in Sources */ = {isa = PBXBuildFile; fileRef = AD19B752278230BD00D459EA /* SwiftyJSON.swift */; };
		AD28102227875A0700BA4136 /* NetworkWorker.swift in Sources */ = {isa = PBXBuildFile; fileRef = AD28102127875A0700BA4136 /* NetworkWorker.swift */; };
		AD2810242787648C00BA4136 /* Quote.swift in Sources */ = {isa = PBXBuildFile; fileRef = AD2810232787648C00BA4136 /* Quote.swift */; };
		AD2810272787676E00BA4136 /* Formatter.swift in Sources */ = {isa = PBXBuildFile; fileRef = AD2810262787676E00BA4136 /* Formatter.swift */; };
		AD281029278768B400BA4136 /* NumberFormatter+extension.swift in Sources */ = {isa = PBXBuildFile; fileRef = AD281028278768B400BA4136 /* NumberFormatter+extension.swift */; };
		AD325C452791BFAC00CDBB24 /* transactions.json in Resources */ = {isa = PBXBuildFile; fileRef = AD325C442791BFAC00CDBB24 /* transactions.json */; };
		AD36B05A2786197C00040D25 /* CustomLocalization+UpdateView.swift in Sources */ = {isa = PBXBuildFile; fileRef = AD36B0592786197C00040D25 /* CustomLocalization+UpdateView.swift */; };
		AD36B05D27864B3A00040D25 /* Datastore.swift in Sources */ = {isa = PBXBuildFile; fileRef = AD36B05C27864B3A00040D25 /* Datastore.swift */; };
		AD4BC666277A8DAD00593CEE /* UITableView+extension.swift in Sources */ = {isa = PBXBuildFile; fileRef = AD4BC665277A8DAD00593CEE /* UITableView+extension.swift */; };
		AD58D52B272CC0E60047847C /* portfolioExpected.json in Resources */ = {isa = PBXBuildFile; fileRef = AD58D52A272CC0E60047847C /* portfolioExpected.json */; };
		AD58D52E272CC7E60047847C /* PortfolioItem+extension.swift in Sources */ = {isa = PBXBuildFile; fileRef = AD58D52D272CC7E60047847C /* PortfolioItem+extension.swift */; };
		AD77DF642784EDB600D6AB9D /* UpdateView.swift in Sources */ = {isa = PBXBuildFile; fileRef = AD77DF632784EDB600D6AB9D /* UpdateView.swift */; };
		AD77DF662784EFF300D6AB9D /* UpdateViewController.swift in Sources */ = {isa = PBXBuildFile; fileRef = AD77DF652784EFF300D6AB9D /* UpdateViewController.swift */; };
		AD9F420927920F0D002A472F /* TransactionTests.swift in Sources */ = {isa = PBXBuildFile; fileRef = AD9F420827920F0D002A472F /* TransactionTests.swift */; };
		AD9F420C27921B0A002A472F /* Transaction+CoreDataClass.swift in Sources */ = {isa = PBXBuildFile; fileRef = AD9F420A27921B0A002A472F /* Transaction+CoreDataClass.swift */; };
		AD9F420D27921B0A002A472F /* Transaction+CoreDataProperties.swift in Sources */ = {isa = PBXBuildFile; fileRef = AD9F420B27921B0A002A472F /* Transaction+CoreDataProperties.swift */; };
		ADAEFF2B27355D7700C7ABAE /* CustomLocalization.swift in Sources */ = {isa = PBXBuildFile; fileRef = ADAEFF2A27355D7700C7ABAE /* CustomLocalization.swift */; };
		ADAEFF2E273560D400C7ABAE /* Localizable.strings in Resources */ = {isa = PBXBuildFile; fileRef = ADAEFF30273560D400C7ABAE /* Localizable.strings */; };
		ADAEFF352735669100C7ABAE /* CustomLocalization+PortfolioManager.swift in Sources */ = {isa = PBXBuildFile; fileRef = ADAEFF342735669100C7ABAE /* CustomLocalization+PortfolioManager.swift */; };
		ADAEFF37273566BD00C7ABAE /* CustomLocalization+Summary.swift in Sources */ = {isa = PBXBuildFile; fileRef = ADAEFF36273566BD00C7ABAE /* CustomLocalization+Summary.swift */; };
		ADBBC31A27825FE80068D066 /* PortfolioItemTests.swift in Sources */ = {isa = PBXBuildFile; fileRef = ADBBC31927825FE80068D066 /* PortfolioItemTests.swift */; };
		ADBD4151272B3B1E00BB3327 /* AppDelegate.swift in Sources */ = {isa = PBXBuildFile; fileRef = ADBD4150272B3B1E00BB3327 /* AppDelegate.swift */; };
		ADBD4153272B3B1E00BB3327 /* SceneDelegate.swift in Sources */ = {isa = PBXBuildFile; fileRef = ADBD4152272B3B1E00BB3327 /* SceneDelegate.swift */; };
		ADBD4155272B3B1E00BB3327 /* MainViewController.swift in Sources */ = {isa = PBXBuildFile; fileRef = ADBD4154272B3B1E00BB3327 /* MainViewController.swift */; };
		ADBD415A272B3B1F00BB3327 /* Assets.xcassets in Resources */ = {isa = PBXBuildFile; fileRef = ADBD4159272B3B1F00BB3327 /* Assets.xcassets */; };
		ADBD415D272B3B1F00BB3327 /* LaunchScreen.storyboard in Resources */ = {isa = PBXBuildFile; fileRef = ADBD415B272B3B1F00BB3327 /* LaunchScreen.storyboard */; };
		ADBD4166272B3CC500BB3327 /* PortfolioView.swift in Sources */ = {isa = PBXBuildFile; fileRef = ADBD4165272B3CC500BB3327 /* PortfolioView.swift */; };
		ADBD4168272B3EF000BB3327 /* BaseViewController.swift in Sources */ = {isa = PBXBuildFile; fileRef = ADBD4167272B3EF000BB3327 /* BaseViewController.swift */; };
		ADC3F67B278F60A80087294D /* PortfolioItem+Identifiable.swift in Sources */ = {isa = PBXBuildFile; fileRef = ADC3F67A278F60A80087294D /* PortfolioItem+Identifiable.swift */; };
		ADC3F67D278F611B0087294D /* CustomContentConfiguration.swift in Sources */ = {isa = PBXBuildFile; fileRef = ADC3F67C278F611B0087294D /* CustomContentConfiguration.swift */; };
		ADC3F67F278F61650087294D /* FlatPortfolioViewController+PortfolioManagerViewControllerProtocol.swift in Sources */ = {isa = PBXBuildFile; fileRef = ADC3F67E278F61650087294D /* FlatPortfolioViewController+PortfolioManagerViewControllerProtocol.swift */; };
		ADC3F681278F619B0087294D /* FlatPortfolioViewController+PortfolioManagerPresenterProtocol.swift in Sources */ = {isa = PBXBuildFile; fileRef = ADC3F680278F619B0087294D /* FlatPortfolioViewController+PortfolioManagerPresenterProtocol.swift */; };
		ADC3F683278F61D30087294D /* FlatPortfolioViewController+PortfolioManagerInteractorProtocol.swift in Sources */ = {isa = PBXBuildFile; fileRef = ADC3F682278F61D30087294D /* FlatPortfolioViewController+PortfolioManagerInteractorProtocol.swift */; };
		ADC3F685278F61DC0087294D /* FlatPortfolioViewController+UITableViewDataSource.swift in Sources */ = {isa = PBXBuildFile; fileRef = ADC3F684278F61DC0087294D /* FlatPortfolioViewController+UITableViewDataSource.swift */; };
		ADC3F687278F623F0087294D /* PortfolioManagerDataSource+PortfolioManagerPresenterProtocol.swift in Sources */ = {isa = PBXBuildFile; fileRef = ADC3F686278F623F0087294D /* PortfolioManagerDataSource+PortfolioManagerPresenterProtocol.swift */; };
		ADC3F689278F62760087294D /* PortfolioViewController+PortfolioManagerViewControllerProtocol.swift in Sources */ = {isa = PBXBuildFile; fileRef = ADC3F688278F62760087294D /* PortfolioViewController+PortfolioManagerViewControllerProtocol.swift */; };
		ADC3F68B278F627E0087294D /* PortfolioViewController+UITableViewDelegate.swift in Sources */ = {isa = PBXBuildFile; fileRef = ADC3F68A278F627E0087294D /* PortfolioViewController+UITableViewDelegate.swift */; };
		ADC3F68D278F62D10087294D /* UpdateViewController+UITextFieldDelegate.swift in Sources */ = {isa = PBXBuildFile; fileRef = ADC3F68C278F62D10087294D /* UpdateViewController+UITextFieldDelegate.swift */; };
		ADCEFF9F2730AC9400E33A7D /* PortfolioMock.swift in Sources */ = {isa = PBXBuildFile; fileRef = ADCEFF9E2730AC9400E33A7D /* PortfolioMock.swift */; };
		ADEB66AC272C3279002AFAE3 /* portfolio.json in Resources */ = {isa = PBXBuildFile; fileRef = ADEB66AB272C3279002AFAE3 /* portfolio.json */; };
		EBDF31C01E60772D94B461A1 /* FlatPortfolioViewController.swift in Sources */ = {isa = PBXBuildFile; fileRef = EBDF329A38513EDB94407B10 /* FlatPortfolioViewController.swift */; };
		EBDF34580807606EE48EFD90 /* PortfolioNavigationController.swift in Sources */ = {isa = PBXBuildFile; fileRef = EBDF3245FEF1177F4071BD72 /* PortfolioNavigationController.swift */; };
		EBDF36A1D646D7942F5C3608 /* PortfolioManagerViewControllerProtocol.swift in Sources */ = {isa = PBXBuildFile; fileRef = EBDF324A9E12098BDC951F68 /* PortfolioManagerViewControllerProtocol.swift */; };
		EBDF37D6FE10FAB0EFB1E38E /* SummaryNavigationController.swift in Sources */ = {isa = PBXBuildFile; fileRef = EBDF35CA014AE318370973AE /* SummaryNavigationController.swift */; };
		EBDF37EB6D58FC11B4EE5387 /* CustomContentView.swift in Sources */ = {isa = PBXBuildFile; fileRef = EBDF36E0DCEDBEA7026F554B /* CustomContentView.swift */; };
		EBDF390411B3C133386EA80A /* PortfolioManagerDataSource.swift in Sources */ = {isa = PBXBuildFile; fileRef = EBDF3E21B964EE7422243380 /* PortfolioManagerDataSource.swift */; };
		EBDF39F8E6CAF29F6EFDEDD3 /* PortfolioManagerPresenterProtocol.swift in Sources */ = {isa = PBXBuildFile; fileRef = EBDF3FDC2F79F68986CC0695 /* PortfolioManagerPresenterProtocol.swift */; };
		EBDF3A2AC00A3CB4502C1CD8 /* PortfolioViewController.swift in Sources */ = {isa = PBXBuildFile; fileRef = EBDF3AFC4B7B4E1CF0436BAC /* PortfolioViewController.swift */; };
		EBDF3CBFB487E408A8715447 /* PortfolioManagerInteractorProtocol.swift in Sources */ = {isa = PBXBuildFile; fileRef = EBDF3EAB3A94B4C227DDEC40 /* PortfolioManagerInteractorProtocol.swift */; };
		EBDF3EFA1ED7B41B446B89E9 /* .gitignore in Resources */ = {isa = PBXBuildFile; fileRef = EBDF3C4A2EF3A78078840235 /* .gitignore */; };
/* End PBXBuildFile section */

/* Begin PBXContainerItemProxy section */
		ADBBC31B27825FE80068D066 /* PBXContainerItemProxy */ = {
			isa = PBXContainerItemProxy;
			containerPortal = ADBD4145272B3B1E00BB3327 /* Project object */;
			proxyType = 1;
			remoteGlobalIDString = ADBD414C272B3B1E00BB3327;
			remoteInfo = finance;
		};
/* End PBXContainerItemProxy section */

/* Begin PBXFileReference section */
		AD19B71A277E3A8A00D459EA /* PortfolioInteractor.swift */ = {isa = PBXFileReference; lastKnownFileType = sourcecode.swift; path = PortfolioInteractor.swift; sourceTree = "<group>"; };
		AD19B741277E402600D459EA /* Persistence.swift */ = {isa = PBXFileReference; lastKnownFileType = sourcecode.swift; path = Persistence.swift; sourceTree = "<group>"; };
		AD19B7442782217700D459EA /* FinanceModel.xcdatamodel */ = {isa = PBXFileReference; lastKnownFileType = wrapper.xcdatamodel; path = FinanceModel.xcdatamodel; sourceTree = "<group>"; };
		AD19B74E27822C8400D459EA /* PortfolioItem+CoreDataClass.swift */ = {isa = PBXFileReference; lastKnownFileType = sourcecode.swift; path = "PortfolioItem+CoreDataClass.swift"; sourceTree = "<group>"; };
		AD19B74F27822C8400D459EA /* PortfolioItem+CoreDataProperties.swift */ = {isa = PBXFileReference; lastKnownFileType = sourcecode.swift; path = "PortfolioItem+CoreDataProperties.swift"; sourceTree = "<group>"; };
		AD19B752278230BD00D459EA /* SwiftyJSON.swift */ = {isa = PBXFileReference; lastKnownFileType = sourcecode.swift; path = SwiftyJSON.swift; sourceTree = "<group>"; };
		AD28102127875A0700BA4136 /* NetworkWorker.swift */ = {isa = PBXFileReference; lastKnownFileType = sourcecode.swift; path = NetworkWorker.swift; sourceTree = "<group>"; };
		AD2810232787648C00BA4136 /* Quote.swift */ = {isa = PBXFileReference; lastKnownFileType = sourcecode.swift; path = Quote.swift; sourceTree = "<group>"; };
		AD2810262787676E00BA4136 /* Formatter.swift */ = {isa = PBXFileReference; lastKnownFileType = sourcecode.swift; path = Formatter.swift; sourceTree = "<group>"; };
		AD281028278768B400BA4136 /* NumberFormatter+extension.swift */ = {isa = PBXFileReference; lastKnownFileType = sourcecode.swift; path = "NumberFormatter+extension.swift"; sourceTree = "<group>"; };
		AD325C442791BFAC00CDBB24 /* transactions.json */ = {isa = PBXFileReference; lastKnownFileType = text.json; path = transactions.json; sourceTree = "<group>"; };
		AD36B0592786197C00040D25 /* CustomLocalization+UpdateView.swift */ = {isa = PBXFileReference; lastKnownFileType = sourcecode.swift; path = "CustomLocalization+UpdateView.swift"; sourceTree = "<group>"; };
		AD36B05C27864B3A00040D25 /* Datastore.swift */ = {isa = PBXFileReference; lastKnownFileType = sourcecode.swift; path = Datastore.swift; sourceTree = "<group>"; };
		AD4BC665277A8DAD00593CEE /* UITableView+extension.swift */ = {isa = PBXFileReference; lastKnownFileType = sourcecode.swift; path = "UITableView+extension.swift"; sourceTree = "<group>"; };
		AD58D52A272CC0E60047847C /* portfolioExpected.json */ = {isa = PBXFileReference; lastKnownFileType = text.json; path = portfolioExpected.json; sourceTree = "<group>"; };
		AD58D52D272CC7E60047847C /* PortfolioItem+extension.swift */ = {isa = PBXFileReference; lastKnownFileType = sourcecode.swift; path = "PortfolioItem+extension.swift"; sourceTree = "<group>"; };
		AD77DF632784EDB600D6AB9D /* UpdateView.swift */ = {isa = PBXFileReference; lastKnownFileType = sourcecode.swift; path = UpdateView.swift; sourceTree = "<group>"; };
		AD77DF652784EFF300D6AB9D /* UpdateViewController.swift */ = {isa = PBXFileReference; lastKnownFileType = sourcecode.swift; path = UpdateViewController.swift; sourceTree = "<group>"; };
		AD9F420827920F0D002A472F /* TransactionTests.swift */ = {isa = PBXFileReference; lastKnownFileType = sourcecode.swift; path = TransactionTests.swift; sourceTree = "<group>"; };
		AD9F420A27921B0A002A472F /* Transaction+CoreDataClass.swift */ = {isa = PBXFileReference; lastKnownFileType = sourcecode.swift; path = "Transaction+CoreDataClass.swift"; sourceTree = "<group>"; };
		AD9F420B27921B0A002A472F /* Transaction+CoreDataProperties.swift */ = {isa = PBXFileReference; lastKnownFileType = sourcecode.swift; path = "Transaction+CoreDataProperties.swift"; sourceTree = "<group>"; };
		ADAEFF2A27355D7700C7ABAE /* CustomLocalization.swift */ = {isa = PBXFileReference; lastKnownFileType = sourcecode.swift; path = CustomLocalization.swift; sourceTree = "<group>"; };
		ADAEFF31273560FB00C7ABAE /* pt-BR */ = {isa = PBXFileReference; lastKnownFileType = text.plist.strings; name = "pt-BR"; path = "pt-BR.lproj/Localizable.strings"; sourceTree = "<group>"; };
		ADAEFF332735621900C7ABAE /* en */ = {isa = PBXFileReference; lastKnownFileType = text.plist.strings; name = en; path = en.lproj/Localizable.strings; sourceTree = "<group>"; };
		ADAEFF342735669100C7ABAE /* CustomLocalization+PortfolioManager.swift */ = {isa = PBXFileReference; lastKnownFileType = sourcecode.swift; path = "CustomLocalization+PortfolioManager.swift"; sourceTree = "<group>"; };
		ADAEFF36273566BD00C7ABAE /* CustomLocalization+Summary.swift */ = {isa = PBXFileReference; lastKnownFileType = sourcecode.swift; path = "CustomLocalization+Summary.swift"; sourceTree = "<group>"; };
		ADBBC31727825FE80068D066 /* financeTests.xctest */ = {isa = PBXFileReference; explicitFileType = wrapper.cfbundle; includeInIndex = 0; path = financeTests.xctest; sourceTree = BUILT_PRODUCTS_DIR; };
		ADBBC31927825FE80068D066 /* PortfolioItemTests.swift */ = {isa = PBXFileReference; lastKnownFileType = sourcecode.swift; path = PortfolioItemTests.swift; sourceTree = "<group>"; };
		ADBD414D272B3B1E00BB3327 /* finance.app */ = {isa = PBXFileReference; explicitFileType = wrapper.application; includeInIndex = 0; path = finance.app; sourceTree = BUILT_PRODUCTS_DIR; };
		ADBD4150272B3B1E00BB3327 /* AppDelegate.swift */ = {isa = PBXFileReference; lastKnownFileType = sourcecode.swift; path = AppDelegate.swift; sourceTree = "<group>"; };
		ADBD4152272B3B1E00BB3327 /* SceneDelegate.swift */ = {isa = PBXFileReference; lastKnownFileType = sourcecode.swift; path = SceneDelegate.swift; sourceTree = "<group>"; };
		ADBD4154272B3B1E00BB3327 /* MainViewController.swift */ = {isa = PBXFileReference; lastKnownFileType = sourcecode.swift; path = MainViewController.swift; sourceTree = "<group>"; };
		ADBD4159272B3B1F00BB3327 /* Assets.xcassets */ = {isa = PBXFileReference; lastKnownFileType = folder.assetcatalog; path = Assets.xcassets; sourceTree = "<group>"; };
		ADBD415C272B3B1F00BB3327 /* Base */ = {isa = PBXFileReference; lastKnownFileType = file.storyboard; name = Base; path = Base.lproj/LaunchScreen.storyboard; sourceTree = "<group>"; };
		ADBD415E272B3B1F00BB3327 /* Info.plist */ = {isa = PBXFileReference; lastKnownFileType = text.plist.xml; path = Info.plist; sourceTree = "<group>"; };
		ADBD4165272B3CC500BB3327 /* PortfolioView.swift */ = {isa = PBXFileReference; lastKnownFileType = sourcecode.swift; path = PortfolioView.swift; sourceTree = "<group>"; };
		ADBD4167272B3EF000BB3327 /* BaseViewController.swift */ = {isa = PBXFileReference; lastKnownFileType = sourcecode.swift; path = BaseViewController.swift; sourceTree = "<group>"; };
		ADC3F67A278F60A80087294D /* PortfolioItem+Identifiable.swift */ = {isa = PBXFileReference; lastKnownFileType = sourcecode.swift; path = "PortfolioItem+Identifiable.swift"; sourceTree = "<group>"; };
		ADC3F67C278F611B0087294D /* CustomContentConfiguration.swift */ = {isa = PBXFileReference; lastKnownFileType = sourcecode.swift; path = CustomContentConfiguration.swift; sourceTree = "<group>"; };
		ADC3F67E278F61650087294D /* FlatPortfolioViewController+PortfolioManagerViewControllerProtocol.swift */ = {isa = PBXFileReference; lastKnownFileType = sourcecode.swift; path = "FlatPortfolioViewController+PortfolioManagerViewControllerProtocol.swift"; sourceTree = "<group>"; };
		ADC3F680278F619B0087294D /* FlatPortfolioViewController+PortfolioManagerPresenterProtocol.swift */ = {isa = PBXFileReference; lastKnownFileType = sourcecode.swift; path = "FlatPortfolioViewController+PortfolioManagerPresenterProtocol.swift"; sourceTree = "<group>"; };
		ADC3F682278F61D30087294D /* FlatPortfolioViewController+PortfolioManagerInteractorProtocol.swift */ = {isa = PBXFileReference; lastKnownFileType = sourcecode.swift; path = "FlatPortfolioViewController+PortfolioManagerInteractorProtocol.swift"; sourceTree = "<group>"; };
		ADC3F684278F61DC0087294D /* FlatPortfolioViewController+UITableViewDataSource.swift */ = {isa = PBXFileReference; lastKnownFileType = sourcecode.swift; path = "FlatPortfolioViewController+UITableViewDataSource.swift"; sourceTree = "<group>"; };
		ADC3F686278F623F0087294D /* PortfolioManagerDataSource+PortfolioManagerPresenterProtocol.swift */ = {isa = PBXFileReference; lastKnownFileType = sourcecode.swift; path = "PortfolioManagerDataSource+PortfolioManagerPresenterProtocol.swift"; sourceTree = "<group>"; };
		ADC3F688278F62760087294D /* PortfolioViewController+PortfolioManagerViewControllerProtocol.swift */ = {isa = PBXFileReference; lastKnownFileType = sourcecode.swift; path = "PortfolioViewController+PortfolioManagerViewControllerProtocol.swift"; sourceTree = "<group>"; };
		ADC3F68A278F627E0087294D /* PortfolioViewController+UITableViewDelegate.swift */ = {isa = PBXFileReference; lastKnownFileType = sourcecode.swift; path = "PortfolioViewController+UITableViewDelegate.swift"; sourceTree = "<group>"; };
		ADC3F68C278F62D10087294D /* UpdateViewController+UITextFieldDelegate.swift */ = {isa = PBXFileReference; lastKnownFileType = sourcecode.swift; path = "UpdateViewController+UITextFieldDelegate.swift"; sourceTree = "<group>"; };
		ADCEFF9E2730AC9400E33A7D /* PortfolioMock.swift */ = {isa = PBXFileReference; lastKnownFileType = sourcecode.swift; path = PortfolioMock.swift; sourceTree = "<group>"; };
		ADEB66AB272C3279002AFAE3 /* portfolio.json */ = {isa = PBXFileReference; lastKnownFileType = text.json; path = portfolio.json; sourceTree = "<group>"; };
		EBDF3245FEF1177F4071BD72 /* PortfolioNavigationController.swift */ = {isa = PBXFileReference; fileEncoding = 4; lastKnownFileType = sourcecode.swift; path = PortfolioNavigationController.swift; sourceTree = "<group>"; };
		EBDF324A9E12098BDC951F68 /* PortfolioManagerViewControllerProtocol.swift */ = {isa = PBXFileReference; fileEncoding = 4; lastKnownFileType = sourcecode.swift; path = PortfolioManagerViewControllerProtocol.swift; sourceTree = "<group>"; };
		EBDF329A38513EDB94407B10 /* FlatPortfolioViewController.swift */ = {isa = PBXFileReference; fileEncoding = 4; lastKnownFileType = sourcecode.swift; path = FlatPortfolioViewController.swift; sourceTree = "<group>"; };
		EBDF35CA014AE318370973AE /* SummaryNavigationController.swift */ = {isa = PBXFileReference; fileEncoding = 4; lastKnownFileType = sourcecode.swift; path = SummaryNavigationController.swift; sourceTree = "<group>"; };
		EBDF36E0DCEDBEA7026F554B /* CustomContentView.swift */ = {isa = PBXFileReference; fileEncoding = 4; lastKnownFileType = sourcecode.swift; path = CustomContentView.swift; sourceTree = "<group>"; };
		EBDF3AFC4B7B4E1CF0436BAC /* PortfolioViewController.swift */ = {isa = PBXFileReference; fileEncoding = 4; lastKnownFileType = sourcecode.swift; path = PortfolioViewController.swift; sourceTree = "<group>"; };
		EBDF3C4A2EF3A78078840235 /* .gitignore */ = {isa = PBXFileReference; lastKnownFileType = file.gitignore; path = .gitignore; sourceTree = "<group>"; };
		EBDF3E21B964EE7422243380 /* PortfolioManagerDataSource.swift */ = {isa = PBXFileReference; fileEncoding = 4; lastKnownFileType = sourcecode.swift; path = PortfolioManagerDataSource.swift; sourceTree = "<group>"; };
		EBDF3EAB3A94B4C227DDEC40 /* PortfolioManagerInteractorProtocol.swift */ = {isa = PBXFileReference; fileEncoding = 4; lastKnownFileType = sourcecode.swift; path = PortfolioManagerInteractorProtocol.swift; sourceTree = "<group>"; };
		EBDF3FDC2F79F68986CC0695 /* PortfolioManagerPresenterProtocol.swift */ = {isa = PBXFileReference; fileEncoding = 4; lastKnownFileType = sourcecode.swift; path = PortfolioManagerPresenterProtocol.swift; sourceTree = "<group>"; };
/* End PBXFileReference section */

/* Begin PBXFrameworksBuildPhase section */
		ADBBC31427825FE80068D066 /* Frameworks */ = {
			isa = PBXFrameworksBuildPhase;
			buildActionMask = 2147483647;
			files = (
			);
			runOnlyForDeploymentPostprocessing = 0;
		};
		ADBD414A272B3B1E00BB3327 /* Frameworks */ = {
			isa = PBXFrameworksBuildPhase;
			buildActionMask = 2147483647;
			files = (
			);
			runOnlyForDeploymentPostprocessing = 0;
		};
/* End PBXFrameworksBuildPhase section */

/* Begin PBXGroup section */
		AD162AC22792F92C00E77FC1 /* Transaction */ = {
			isa = PBXGroup;
			children = (
				AD9F420A27921B0A002A472F /* Transaction+CoreDataClass.swift */,
				AD9F420B27921B0A002A472F /* Transaction+CoreDataProperties.swift */,
			);
			path = Transaction;
			sourceTree = "<group>";
		};
		AD19B73F277E3FDB00D459EA /* CoreData */ = {
			isa = PBXGroup;
			children = (
				AD36B05B27864B2600040D25 /* Datastore */,
				AD19B741277E402600D459EA /* Persistence.swift */,
				AD19B7432782217700D459EA /* FinanceModel.xcdatamodeld */,
			);
			path = CoreData;
			sourceTree = "<group>";
		};
		AD281020278759FA00BA4136 /* Network */ = {
			isa = PBXGroup;
			children = (
				AD28102127875A0700BA4136 /* NetworkWorker.swift */,
				AD2810232787648C00BA4136 /* Quote.swift */,
			);
			path = Network;
			sourceTree = "<group>";
		};
		AD2810252787676300BA4136 /* Utils */ = {
			isa = PBXGroup;
			children = (
				AD2810262787676E00BA4136 /* Formatter.swift */,
			);
			path = Utils;
			sourceTree = "<group>";
		};
		AD36B05B27864B2600040D25 /* Datastore */ = {
			isa = PBXGroup;
			children = (
				AD36B05C27864B3A00040D25 /* Datastore.swift */,
			);
			path = Datastore;
			sourceTree = "<group>";
		};
		AD4BC664277A8D9500593CEE /* Extensions */ = {
			isa = PBXGroup;
			children = (
				AD4BC665277A8DAD00593CEE /* UITableView+extension.swift */,
				AD281028278768B400BA4136 /* NumberFormatter+extension.swift */,
			);
			path = Extensions;
			sourceTree = "<group>";
		};
		AD58D52C272CC7CA0047847C /* Model */ = {
			isa = PBXGroup;
			children = (
				AD162AC22792F92C00E77FC1 /* Transaction */,
				ADC3F679278F606B0087294D /* PortfolioItem */,
			);
			path = Model;
			sourceTree = "<group>";
		};
		AD77DF622784ED7500D6AB9D /* UpdateView */ = {
			isa = PBXGroup;
			children = (
				AD77DF632784EDB600D6AB9D /* UpdateView.swift */,
				AD77DF652784EFF300D6AB9D /* UpdateViewController.swift */,
				AD36B0592786197C00040D25 /* CustomLocalization+UpdateView.swift */,
				ADC3F68C278F62D10087294D /* UpdateViewController+UITextFieldDelegate.swift */,
			);
			path = UpdateView;
			sourceTree = "<group>";
		};
		ADAEFF32273561C400C7ABAE /* Localization */ = {
			isa = PBXGroup;
			children = (
				ADAEFF2A27355D7700C7ABAE /* CustomLocalization.swift */,
				ADAEFF30273560D400C7ABAE /* Localizable.strings */,
			);
			path = Localization;
			sourceTree = "<group>";
		};
		ADBBC31827825FE80068D066 /* financeTests */ = {
			isa = PBXGroup;
			children = (
				ADBBC31927825FE80068D066 /* PortfolioItemTests.swift */,
				AD9F420827920F0D002A472F /* TransactionTests.swift */,
			);
			path = financeTests;
			sourceTree = "<group>";
		};
		ADBD4144272B3B1E00BB3327 = {
			isa = PBXGroup;
			children = (
				ADBD414F272B3B1E00BB3327 /* finance */,
				ADBBC31827825FE80068D066 /* financeTests */,
				ADBD414E272B3B1E00BB3327 /* Products */,
				EBDF3C4A2EF3A78078840235 /* .gitignore */,
			);
			sourceTree = "<group>";
		};
		ADBD414E272B3B1E00BB3327 /* Products */ = {
			isa = PBXGroup;
			children = (
				ADBD414D272B3B1E00BB3327 /* finance.app */,
				ADBBC31727825FE80068D066 /* financeTests.xctest */,
			);
			name = Products;
			sourceTree = "<group>";
		};
		ADBD414F272B3B1E00BB3327 /* finance */ = {
			isa = PBXGroup;
			children = (
				AD2810252787676300BA4136 /* Utils */,
				AD281020278759FA00BA4136 /* Network */,
				AD19B73F277E3FDB00D459EA /* CoreData */,
				AD4BC664277A8D9500593CEE /* Extensions */,
				ADAEFF32273561C400C7ABAE /* Localization */,
				ADFBD7E92731F756001DD06F /* Worker */,
				AD58D52C272CC7CA0047847C /* Model */,
				ADEB66A9272C325C002AFAE3 /* Mock */,
				ADBD4169272B3FB700BB3327 /* ViewController */,
				ADBD4164272B3CA800BB3327 /* Views */,
				ADBD4150272B3B1E00BB3327 /* AppDelegate.swift */,
				ADBD4152272B3B1E00BB3327 /* SceneDelegate.swift */,
				ADBD4159272B3B1F00BB3327 /* Assets.xcassets */,
				ADBD415B272B3B1F00BB3327 /* LaunchScreen.storyboard */,
				ADBD415E272B3B1F00BB3327 /* Info.plist */,
				EBDF37E648074FC97F24035F /* Protocols */,
				EBDF3D33351F47B826444740 /* Features */,
			);
			path = finance;
			sourceTree = "<group>";
		};
		ADBD4164272B3CA800BB3327 /* Views */ = {
			isa = PBXGroup;
			children = (
				ADBD4165272B3CC500BB3327 /* PortfolioView.swift */,
			);
			path = Views;
			sourceTree = "<group>";
		};
		ADBD4169272B3FB700BB3327 /* ViewController */ = {
			isa = PBXGroup;
			children = (
				ADBD4154272B3B1E00BB3327 /* MainViewController.swift */,
				ADBD4167272B3EF000BB3327 /* BaseViewController.swift */,
			);
			path = ViewController;
			sourceTree = "<group>";
		};
		ADC3F679278F606B0087294D /* PortfolioItem */ = {
			isa = PBXGroup;
			children = (
				AD58D52D272CC7E60047847C /* PortfolioItem+extension.swift */,
				AD19B74E27822C8400D459EA /* PortfolioItem+CoreDataClass.swift */,
				AD19B74F27822C8400D459EA /* PortfolioItem+CoreDataProperties.swift */,
				ADC3F67A278F60A80087294D /* PortfolioItem+Identifiable.swift */,
			);
			path = PortfolioItem;
			sourceTree = "<group>";
		};
		ADEB66A9272C325C002AFAE3 /* Mock */ = {
			isa = PBXGroup;
			children = (
				AD19B752278230BD00D459EA /* SwiftyJSON.swift */,
				ADEB66AA272C3264002AFAE3 /* Data */,
				ADCEFF9E2730AC9400E33A7D /* PortfolioMock.swift */,
			);
			path = Mock;
			sourceTree = "<group>";
		};
		ADEB66AA272C3264002AFAE3 /* Data */ = {
			isa = PBXGroup;
			children = (
				ADEB66AB272C3279002AFAE3 /* portfolio.json */,
				AD58D52A272CC0E60047847C /* portfolioExpected.json */,
				AD325C442791BFAC00CDBB24 /* transactions.json */,
			);
			path = Data;
			sourceTree = "<group>";
		};
		ADFBD7E92731F756001DD06F /* Worker */ = {
			isa = PBXGroup;
			children = (
				AD19B71A277E3A8A00D459EA /* PortfolioInteractor.swift */,
			);
			path = Worker;
			sourceTree = "<group>";
		};
		EBDF332B5FD4B2EE327BA42F /* PortfolioManager */ = {
			isa = PBXGroup;
			children = (
				AD77DF622784ED7500D6AB9D /* UpdateView */,
				EBDF3AFC4B7B4E1CF0436BAC /* PortfolioViewController.swift */,
				EBDF3245FEF1177F4071BD72 /* PortfolioNavigationController.swift */,
				EBDF3E21B964EE7422243380 /* PortfolioManagerDataSource.swift */,
				ADAEFF342735669100C7ABAE /* CustomLocalization+PortfolioManager.swift */,
				ADC3F686278F623F0087294D /* PortfolioManagerDataSource+PortfolioManagerPresenterProtocol.swift */,
				ADC3F688278F62760087294D /* PortfolioViewController+PortfolioManagerViewControllerProtocol.swift */,
				ADC3F68A278F627E0087294D /* PortfolioViewController+UITableViewDelegate.swift */,
			);
			path = PortfolioManager;
			sourceTree = "<group>";
		};
		EBDF37E648074FC97F24035F /* Protocols */ = {
			isa = PBXGroup;
			children = (
				EBDF3EAB3A94B4C227DDEC40 /* PortfolioManagerInteractorProtocol.swift */,
				EBDF3FDC2F79F68986CC0695 /* PortfolioManagerPresenterProtocol.swift */,
				EBDF324A9E12098BDC951F68 /* PortfolioManagerViewControllerProtocol.swift */,
			);
			path = Protocols;
			sourceTree = "<group>";
		};
		EBDF3A51A9C3FC237753426D /* PortfolioSummary */ = {
			isa = PBXGroup;
			children = (
				EBDF329A38513EDB94407B10 /* FlatPortfolioViewController.swift */,
				EBDF35CA014AE318370973AE /* SummaryNavigationController.swift */,
				ADAEFF36273566BD00C7ABAE /* CustomLocalization+Summary.swift */,
				EBDF36E0DCEDBEA7026F554B /* CustomContentView.swift */,
				ADC3F67C278F611B0087294D /* CustomContentConfiguration.swift */,
				ADC3F67E278F61650087294D /* FlatPortfolioViewController+PortfolioManagerViewControllerProtocol.swift */,
				ADC3F680278F619B0087294D /* FlatPortfolioViewController+PortfolioManagerPresenterProtocol.swift */,
				ADC3F682278F61D30087294D /* FlatPortfolioViewController+PortfolioManagerInteractorProtocol.swift */,
				ADC3F684278F61DC0087294D /* FlatPortfolioViewController+UITableViewDataSource.swift */,
			);
			path = PortfolioSummary;
			sourceTree = "<group>";
		};
		EBDF3D33351F47B826444740 /* Features */ = {
			isa = PBXGroup;
			children = (
				EBDF332B5FD4B2EE327BA42F /* PortfolioManager */,
				EBDF3A51A9C3FC237753426D /* PortfolioSummary */,
			);
			path = Features;
			sourceTree = "<group>";
		};
/* End PBXGroup section */

/* Begin PBXNativeTarget section */
		ADBBC31627825FE80068D066 /* financeTests */ = {
			isa = PBXNativeTarget;
			buildConfigurationList = ADBBC31D27825FE80068D066 /* Build configuration list for PBXNativeTarget "financeTests" */;
			buildPhases = (
				ADBBC31327825FE80068D066 /* Sources */,
				ADBBC31427825FE80068D066 /* Frameworks */,
				ADBBC31527825FE80068D066 /* Resources */,
			);
			buildRules = (
			);
			dependencies = (
				ADBBC31C27825FE80068D066 /* PBXTargetDependency */,
			);
			name = financeTests;
			productName = financeTests;
			productReference = ADBBC31727825FE80068D066 /* financeTests.xctest */;
			productType = "com.apple.product-type.bundle.unit-test";
		};
		ADBD414C272B3B1E00BB3327 /* finance */ = {
			isa = PBXNativeTarget;
			buildConfigurationList = ADBD4161272B3B1F00BB3327 /* Build configuration list for PBXNativeTarget "finance" */;
			buildPhases = (
				ADBD4149272B3B1E00BB3327 /* Sources */,
				ADBD414A272B3B1E00BB3327 /* Frameworks */,
				ADBD414B272B3B1E00BB3327 /* Resources */,
			);
			buildRules = (
			);
			dependencies = (
			);
			name = finance;
			productName = finance;
			productReference = ADBD414D272B3B1E00BB3327 /* finance.app */;
			productType = "com.apple.product-type.application";
		};
/* End PBXNativeTarget section */

/* Begin PBXProject section */
		ADBD4145272B3B1E00BB3327 /* Project object */ = {
			isa = PBXProject;
			attributes = {
				BuildIndependentTargetsInParallel = 1;
				LastSwiftUpdateCheck = 1320;
				LastUpgradeCheck = 1310;
				TargetAttributes = {
					ADBBC31627825FE80068D066 = {
						CreatedOnToolsVersion = 13.2.1;
						TestTargetID = ADBD414C272B3B1E00BB3327;
					};
					ADBD414C272B3B1E00BB3327 = {
						CreatedOnToolsVersion = 13.1;
					};
				};
			};
			buildConfigurationList = ADBD4148272B3B1E00BB3327 /* Build configuration list for PBXProject "finance" */;
			compatibilityVersion = "Xcode 13.0";
			developmentRegion = en;
			hasScannedForEncodings = 0;
			knownRegions = (
				en,
				Base,
				"pt-BR",
			);
			mainGroup = ADBD4144272B3B1E00BB3327;
			productRefGroup = ADBD414E272B3B1E00BB3327 /* Products */;
			projectDirPath = "";
			projectRoot = "";
			targets = (
				ADBD414C272B3B1E00BB3327 /* finance */,
				ADBBC31627825FE80068D066 /* financeTests */,
			);
		};
/* End PBXProject section */

/* Begin PBXResourcesBuildPhase section */
		ADBBC31527825FE80068D066 /* Resources */ = {
			isa = PBXResourcesBuildPhase;
			buildActionMask = 2147483647;
			files = (
			);
			runOnlyForDeploymentPostprocessing = 0;
		};
		ADBD414B272B3B1E00BB3327 /* Resources */ = {
			isa = PBXResourcesBuildPhase;
			buildActionMask = 2147483647;
			files = (
				ADBD415D272B3B1F00BB3327 /* LaunchScreen.storyboard in Resources */,
				ADAEFF2E273560D400C7ABAE /* Localizable.strings in Resources */,
				AD325C452791BFAC00CDBB24 /* transactions.json in Resources */,
				ADEB66AC272C3279002AFAE3 /* portfolio.json in Resources */,
				AD58D52B272CC0E60047847C /* portfolioExpected.json in Resources */,
				ADBD415A272B3B1F00BB3327 /* Assets.xcassets in Resources */,
				EBDF3EFA1ED7B41B446B89E9 /* .gitignore in Resources */,
			);
			runOnlyForDeploymentPostprocessing = 0;
		};
/* End PBXResourcesBuildPhase section */

/* Begin PBXSourcesBuildPhase section */
		ADBBC31327825FE80068D066 /* Sources */ = {
			isa = PBXSourcesBuildPhase;
			buildActionMask = 2147483647;
			files = (
				AD9F420927920F0D002A472F /* TransactionTests.swift in Sources */,
				ADBBC31A27825FE80068D066 /* PortfolioItemTests.swift in Sources */,
			);
			runOnlyForDeploymentPostprocessing = 0;
		};
		ADBD4149272B3B1E00BB3327 /* Sources */ = {
			isa = PBXSourcesBuildPhase;
			buildActionMask = 2147483647;
			files = (
				ADBD4168272B3EF000BB3327 /* BaseViewController.swift in Sources */,
				ADBD4155272B3B1E00BB3327 /* MainViewController.swift in Sources */,
				ADBD4151272B3B1E00BB3327 /* AppDelegate.swift in Sources */,
				AD19B75027822C8400D459EA /* PortfolioItem+CoreDataClass.swift in Sources */,
				AD19B7452782217700D459EA /* FinanceModel.xcdatamodeld in Sources */,
				AD58D52E272CC7E60047847C /* PortfolioItem+extension.swift in Sources */,
				ADAEFF352735669100C7ABAE /* CustomLocalization+PortfolioManager.swift in Sources */,
				ADBD4153272B3B1E00BB3327 /* SceneDelegate.swift in Sources */,
				ADBD4166272B3CC500BB3327 /* PortfolioView.swift in Sources */,
				ADC3F68D278F62D10087294D /* UpdateViewController+UITextFieldDelegate.swift in Sources */,
				AD36B05A2786197C00040D25 /* CustomLocalization+UpdateView.swift in Sources */,
				ADC3F687278F623F0087294D /* PortfolioManagerDataSource+PortfolioManagerPresenterProtocol.swift in Sources */,
				ADC3F683278F61D30087294D /* FlatPortfolioViewController+PortfolioManagerInteractorProtocol.swift in Sources */,
				AD19B71B277E3A8A00D459EA /* PortfolioInteractor.swift in Sources */,
				ADCEFF9F2730AC9400E33A7D /* PortfolioMock.swift in Sources */,
				AD9F420D27921B0A002A472F /* Transaction+CoreDataProperties.swift in Sources */,
				EBDF3CBFB487E408A8715447 /* PortfolioManagerInteractorProtocol.swift in Sources */,
				EBDF39F8E6CAF29F6EFDEDD3 /* PortfolioManagerPresenterProtocol.swift in Sources */,
				ADC3F67D278F611B0087294D /* CustomContentConfiguration.swift in Sources */,
				EBDF36A1D646D7942F5C3608 /* PortfolioManagerViewControllerProtocol.swift in Sources */,
				EBDF3A2AC00A3CB4502C1CD8 /* PortfolioViewController.swift in Sources */,
				AD2810272787676E00BA4136 /* Formatter.swift in Sources */,
				AD28102227875A0700BA4136 /* NetworkWorker.swift in Sources */,
				AD36B05D27864B3A00040D25 /* Datastore.swift in Sources */,
				AD4BC666277A8DAD00593CEE /* UITableView+extension.swift in Sources */,
				ADAEFF2B27355D7700C7ABAE /* CustomLocalization.swift in Sources */,
				EBDF34580807606EE48EFD90 /* PortfolioNavigationController.swift in Sources */,
				ADC3F685278F61DC0087294D /* FlatPortfolioViewController+UITableViewDataSource.swift in Sources */,
				ADAEFF37273566BD00C7ABAE /* CustomLocalization+Summary.swift in Sources */,
				AD19B742277E402600D459EA /* Persistence.swift in Sources */,
				ADC3F67B278F60A80087294D /* PortfolioItem+Identifiable.swift in Sources */,
				AD281029278768B400BA4136 /* NumberFormatter+extension.swift in Sources */,
				ADC3F68B278F627E0087294D /* PortfolioViewController+UITableViewDelegate.swift in Sources */,
				EBDF390411B3C133386EA80A /* PortfolioManagerDataSource.swift in Sources */,
				EBDF31C01E60772D94B461A1 /* FlatPortfolioViewController.swift in Sources */,
				AD77DF642784EDB600D6AB9D /* UpdateView.swift in Sources */,
				AD2810242787648C00BA4136 /* Quote.swift in Sources */,
				AD9F420C27921B0A002A472F /* Transaction+CoreDataClass.swift in Sources */,
				AD19B75127822C8400D459EA /* PortfolioItem+CoreDataProperties.swift in Sources */,
				AD19B753278230BD00D459EA /* SwiftyJSON.swift in Sources */,
				ADC3F67F278F61650087294D /* FlatPortfolioViewController+PortfolioManagerViewControllerProtocol.swift in Sources */,
				ADC3F689278F62760087294D /* PortfolioViewController+PortfolioManagerViewControllerProtocol.swift in Sources */,
				EBDF37D6FE10FAB0EFB1E38E /* SummaryNavigationController.swift in Sources */,
				EBDF37EB6D58FC11B4EE5387 /* CustomContentView.swift in Sources */,
				ADC3F681278F619B0087294D /* FlatPortfolioViewController+PortfolioManagerPresenterProtocol.swift in Sources */,
				AD77DF662784EFF300D6AB9D /* UpdateViewController.swift in Sources */,
			);
			runOnlyForDeploymentPostprocessing = 0;
		};
/* End PBXSourcesBuildPhase section */

/* Begin PBXTargetDependency section */
		ADBBC31C27825FE80068D066 /* PBXTargetDependency */ = {
			isa = PBXTargetDependency;
			target = ADBD414C272B3B1E00BB3327 /* finance */;
			targetProxy = ADBBC31B27825FE80068D066 /* PBXContainerItemProxy */;
		};
/* End PBXTargetDependency section */

/* Begin PBXVariantGroup section */
		ADAEFF30273560D400C7ABAE /* Localizable.strings */ = {
			isa = PBXVariantGroup;
			children = (
				ADAEFF31273560FB00C7ABAE /* pt-BR */,
				ADAEFF332735621900C7ABAE /* en */,
			);
			name = Localizable.strings;
			sourceTree = "<group>";
		};
		ADBD415B272B3B1F00BB3327 /* LaunchScreen.storyboard */ = {
			isa = PBXVariantGroup;
			children = (
				ADBD415C272B3B1F00BB3327 /* Base */,
			);
			name = LaunchScreen.storyboard;
			sourceTree = "<group>";
		};
/* End PBXVariantGroup section */

/* Begin XCBuildConfiguration section */
		ADBBC31E27825FE80068D066 /* Debug */ = {
			isa = XCBuildConfiguration;
			buildSettings = {
				BUNDLE_LOADER = "$(TEST_HOST)";
				CODE_SIGN_STYLE = Automatic;
				CURRENT_PROJECT_VERSION = 1;
				DEVELOPMENT_TEAM = S85L3BQN65;
				GENERATE_INFOPLIST_FILE = YES;
				IPHONEOS_DEPLOYMENT_TARGET = 15.2;
				MARKETING_VERSION = 1.0;
				PRODUCT_BUNDLE_IDENTIFIER = me.radicheski.financeTests;
				PRODUCT_NAME = "$(TARGET_NAME)";
				SWIFT_EMIT_LOC_STRINGS = NO;
				SWIFT_VERSION = 5.0;
				TARGETED_DEVICE_FAMILY = "1,2";
				TEST_HOST = "$(BUILT_PRODUCTS_DIR)/finance.app/finance";
			};
			name = Debug;
		};
		ADBBC31F27825FE80068D066 /* Release */ = {
			isa = XCBuildConfiguration;
			buildSettings = {
				BUNDLE_LOADER = "$(TEST_HOST)";
				CODE_SIGN_STYLE = Automatic;
				CURRENT_PROJECT_VERSION = 1;
				DEVELOPMENT_TEAM = S85L3BQN65;
				GENERATE_INFOPLIST_FILE = YES;
				IPHONEOS_DEPLOYMENT_TARGET = 15.2;
				MARKETING_VERSION = 1.0;
				PRODUCT_BUNDLE_IDENTIFIER = me.radicheski.financeTests;
				PRODUCT_NAME = "$(TARGET_NAME)";
				SWIFT_EMIT_LOC_STRINGS = NO;
				SWIFT_VERSION = 5.0;
				TARGETED_DEVICE_FAMILY = "1,2";
				TEST_HOST = "$(BUILT_PRODUCTS_DIR)/finance.app/finance";
			};
			name = Release;
		};
		ADBD415F272B3B1F00BB3327 /* Debug */ = {
			isa = XCBuildConfiguration;
			buildSettings = {
				ALWAYS_SEARCH_USER_PATHS = NO;
				CLANG_ANALYZER_NONNULL = YES;
				CLANG_ANALYZER_NUMBER_OBJECT_CONVERSION = YES_AGGRESSIVE;
				CLANG_CXX_LANGUAGE_STANDARD = "gnu++17";
				CLANG_CXX_LIBRARY = "libc++";
				CLANG_ENABLE_MODULES = YES;
				CLANG_ENABLE_OBJC_ARC = YES;
				CLANG_ENABLE_OBJC_WEAK = YES;
				CLANG_WARN_BLOCK_CAPTURE_AUTORELEASING = YES;
				CLANG_WARN_BOOL_CONVERSION = YES;
				CLANG_WARN_COMMA = YES;
				CLANG_WARN_CONSTANT_CONVERSION = YES;
				CLANG_WARN_DEPRECATED_OBJC_IMPLEMENTATIONS = YES;
				CLANG_WARN_DIRECT_OBJC_ISA_USAGE = YES_ERROR;
				CLANG_WARN_DOCUMENTATION_COMMENTS = YES;
				CLANG_WARN_EMPTY_BODY = YES;
				CLANG_WARN_ENUM_CONVERSION = YES;
				CLANG_WARN_INFINITE_RECURSION = YES;
				CLANG_WARN_INT_CONVERSION = YES;
				CLANG_WARN_NON_LITERAL_NULL_CONVERSION = YES;
				CLANG_WARN_OBJC_IMPLICIT_RETAIN_SELF = YES;
				CLANG_WARN_OBJC_LITERAL_CONVERSION = YES;
				CLANG_WARN_OBJC_ROOT_CLASS = YES_ERROR;
				CLANG_WARN_QUOTED_INCLUDE_IN_FRAMEWORK_HEADER = YES;
				CLANG_WARN_RANGE_LOOP_ANALYSIS = YES;
				CLANG_WARN_STRICT_PROTOTYPES = YES;
				CLANG_WARN_SUSPICIOUS_MOVE = YES;
				CLANG_WARN_UNGUARDED_AVAILABILITY = YES_AGGRESSIVE;
				CLANG_WARN_UNREACHABLE_CODE = YES;
				CLANG_WARN__DUPLICATE_METHOD_MATCH = YES;
				COPY_PHASE_STRIP = NO;
				DEBUG_INFORMATION_FORMAT = dwarf;
				ENABLE_STRICT_OBJC_MSGSEND = YES;
				ENABLE_TESTABILITY = YES;
				GCC_C_LANGUAGE_STANDARD = gnu11;
				GCC_DYNAMIC_NO_PIC = NO;
				GCC_NO_COMMON_BLOCKS = YES;
				GCC_OPTIMIZATION_LEVEL = 0;
				GCC_PREPROCESSOR_DEFINITIONS = (
					"DEBUG=1",
					"$(inherited)",
				);
				GCC_WARN_64_TO_32_BIT_CONVERSION = YES;
				GCC_WARN_ABOUT_RETURN_TYPE = YES_ERROR;
				GCC_WARN_UNDECLARED_SELECTOR = YES;
				GCC_WARN_UNINITIALIZED_AUTOS = YES_AGGRESSIVE;
				GCC_WARN_UNUSED_FUNCTION = YES;
				GCC_WARN_UNUSED_VARIABLE = YES;
				IPHONEOS_DEPLOYMENT_TARGET = 15.0;
				MTL_ENABLE_DEBUG_INFO = INCLUDE_SOURCE;
				MTL_FAST_MATH = YES;
				ONLY_ACTIVE_ARCH = YES;
				SDKROOT = iphoneos;
				SWIFT_ACTIVE_COMPILATION_CONDITIONS = DEBUG;
				SWIFT_OPTIMIZATION_LEVEL = "-Onone";
			};
			name = Debug;
		};
		ADBD4160272B3B1F00BB3327 /* Release */ = {
			isa = XCBuildConfiguration;
			buildSettings = {
				ALWAYS_SEARCH_USER_PATHS = NO;
				CLANG_ANALYZER_NONNULL = YES;
				CLANG_ANALYZER_NUMBER_OBJECT_CONVERSION = YES_AGGRESSIVE;
				CLANG_CXX_LANGUAGE_STANDARD = "gnu++17";
				CLANG_CXX_LIBRARY = "libc++";
				CLANG_ENABLE_MODULES = YES;
				CLANG_ENABLE_OBJC_ARC = YES;
				CLANG_ENABLE_OBJC_WEAK = YES;
				CLANG_WARN_BLOCK_CAPTURE_AUTORELEASING = YES;
				CLANG_WARN_BOOL_CONVERSION = YES;
				CLANG_WARN_COMMA = YES;
				CLANG_WARN_CONSTANT_CONVERSION = YES;
				CLANG_WARN_DEPRECATED_OBJC_IMPLEMENTATIONS = YES;
				CLANG_WARN_DIRECT_OBJC_ISA_USAGE = YES_ERROR;
				CLANG_WARN_DOCUMENTATION_COMMENTS = YES;
				CLANG_WARN_EMPTY_BODY = YES;
				CLANG_WARN_ENUM_CONVERSION = YES;
				CLANG_WARN_INFINITE_RECURSION = YES;
				CLANG_WARN_INT_CONVERSION = YES;
				CLANG_WARN_NON_LITERAL_NULL_CONVERSION = YES;
				CLANG_WARN_OBJC_IMPLICIT_RETAIN_SELF = YES;
				CLANG_WARN_OBJC_LITERAL_CONVERSION = YES;
				CLANG_WARN_OBJC_ROOT_CLASS = YES_ERROR;
				CLANG_WARN_QUOTED_INCLUDE_IN_FRAMEWORK_HEADER = YES;
				CLANG_WARN_RANGE_LOOP_ANALYSIS = YES;
				CLANG_WARN_STRICT_PROTOTYPES = YES;
				CLANG_WARN_SUSPICIOUS_MOVE = YES;
				CLANG_WARN_UNGUARDED_AVAILABILITY = YES_AGGRESSIVE;
				CLANG_WARN_UNREACHABLE_CODE = YES;
				CLANG_WARN__DUPLICATE_METHOD_MATCH = YES;
				COPY_PHASE_STRIP = NO;
				DEBUG_INFORMATION_FORMAT = "dwarf-with-dsym";
				ENABLE_NS_ASSERTIONS = NO;
				ENABLE_STRICT_OBJC_MSGSEND = YES;
				GCC_C_LANGUAGE_STANDARD = gnu11;
				GCC_NO_COMMON_BLOCKS = YES;
				GCC_WARN_64_TO_32_BIT_CONVERSION = YES;
				GCC_WARN_ABOUT_RETURN_TYPE = YES_ERROR;
				GCC_WARN_UNDECLARED_SELECTOR = YES;
				GCC_WARN_UNINITIALIZED_AUTOS = YES_AGGRESSIVE;
				GCC_WARN_UNUSED_FUNCTION = YES;
				GCC_WARN_UNUSED_VARIABLE = YES;
				IPHONEOS_DEPLOYMENT_TARGET = 15.0;
				MTL_ENABLE_DEBUG_INFO = NO;
				MTL_FAST_MATH = YES;
				SDKROOT = iphoneos;
				SWIFT_COMPILATION_MODE = wholemodule;
				SWIFT_OPTIMIZATION_LEVEL = "-O";
				VALIDATE_PRODUCT = YES;
			};
			name = Release;
		};
		ADBD4162272B3B1F00BB3327 /* Debug */ = {
			isa = XCBuildConfiguration;
			buildSettings = {
				ASSETCATALOG_COMPILER_APPICON_NAME = AppIcon;
				ASSETCATALOG_COMPILER_GLOBAL_ACCENT_COLOR_NAME = AccentColor;
				CODE_SIGN_STYLE = Automatic;
				CURRENT_PROJECT_VERSION = 1;
				DEVELOPMENT_TEAM = S85L3BQN65;
				GENERATE_INFOPLIST_FILE = YES;
				INFOPLIST_FILE = finance/Info.plist;
				INFOPLIST_KEY_UIApplicationSupportsIndirectInputEvents = YES;
				INFOPLIST_KEY_UILaunchStoryboardName = LaunchScreen;
				INFOPLIST_KEY_UISupportedInterfaceOrientations_iPad = "UIInterfaceOrientationPortrait UIInterfaceOrientationPortraitUpsideDown UIInterfaceOrientationLandscapeLeft UIInterfaceOrientationLandscapeRight";
				INFOPLIST_KEY_UISupportedInterfaceOrientations_iPhone = "UIInterfaceOrientationPortrait UIInterfaceOrientationLandscapeLeft UIInterfaceOrientationLandscapeRight";
				LD_RUNPATH_SEARCH_PATHS = (
					"$(inherited)",
					"@executable_path/Frameworks",
				);
				MARKETING_VERSION = 1.0;
				PRODUCT_BUNDLE_IDENTIFIER = me.radicheski.finance;
				PRODUCT_NAME = "$(TARGET_NAME)";
				SWIFT_EMIT_LOC_STRINGS = YES;
				SWIFT_VERSION = 5.0;
				TARGETED_DEVICE_FAMILY = "1,2";
			};
			name = Debug;
		};
		ADBD4163272B3B1F00BB3327 /* Release */ = {
			isa = XCBuildConfiguration;
			buildSettings = {
				ASSETCATALOG_COMPILER_APPICON_NAME = AppIcon;
				ASSETCATALOG_COMPILER_GLOBAL_ACCENT_COLOR_NAME = AccentColor;
				CODE_SIGN_STYLE = Automatic;
				CURRENT_PROJECT_VERSION = 1;
				DEVELOPMENT_TEAM = S85L3BQN65;
				GENERATE_INFOPLIST_FILE = YES;
				INFOPLIST_FILE = finance/Info.plist;
				INFOPLIST_KEY_UIApplicationSupportsIndirectInputEvents = YES;
				INFOPLIST_KEY_UILaunchStoryboardName = LaunchScreen;
				INFOPLIST_KEY_UISupportedInterfaceOrientations_iPad = "UIInterfaceOrientationPortrait UIInterfaceOrientationPortraitUpsideDown UIInterfaceOrientationLandscapeLeft UIInterfaceOrientationLandscapeRight";
				INFOPLIST_KEY_UISupportedInterfaceOrientations_iPhone = "UIInterfaceOrientationPortrait UIInterfaceOrientationLandscapeLeft UIInterfaceOrientationLandscapeRight";
				LD_RUNPATH_SEARCH_PATHS = (
					"$(inherited)",
					"@executable_path/Frameworks",
				);
				MARKETING_VERSION = 1.0;
				PRODUCT_BUNDLE_IDENTIFIER = me.radicheski.finance;
				PRODUCT_NAME = "$(TARGET_NAME)";
				SWIFT_EMIT_LOC_STRINGS = YES;
				SWIFT_VERSION = 5.0;
				TARGETED_DEVICE_FAMILY = "1,2";
			};
			name = Release;
		};
/* End XCBuildConfiguration section */

/* Begin XCConfigurationList section */
		ADBBC31D27825FE80068D066 /* Build configuration list for PBXNativeTarget "financeTests" */ = {
			isa = XCConfigurationList;
			buildConfigurations = (
				ADBBC31E27825FE80068D066 /* Debug */,
				ADBBC31F27825FE80068D066 /* Release */,
			);
			defaultConfigurationIsVisible = 0;
			defaultConfigurationName = Release;
		};
		ADBD4148272B3B1E00BB3327 /* Build configuration list for PBXProject "finance" */ = {
			isa = XCConfigurationList;
			buildConfigurations = (
				ADBD415F272B3B1F00BB3327 /* Debug */,
				ADBD4160272B3B1F00BB3327 /* Release */,
			);
			defaultConfigurationIsVisible = 0;
			defaultConfigurationName = Release;
		};
		ADBD4161272B3B1F00BB3327 /* Build configuration list for PBXNativeTarget "finance" */ = {
			isa = XCConfigurationList;
			buildConfigurations = (
				ADBD4162272B3B1F00BB3327 /* Debug */,
				ADBD4163272B3B1F00BB3327 /* Release */,
			);
			defaultConfigurationIsVisible = 0;
			defaultConfigurationName = Release;
		};
/* End XCConfigurationList section */

/* Begin XCVersionGroup section */
		AD19B7432782217700D459EA /* FinanceModel.xcdatamodeld */ = {
			isa = XCVersionGroup;
			children = (
				AD19B7442782217700D459EA /* FinanceModel.xcdatamodel */,
			);
			currentVersion = AD19B7442782217700D459EA /* FinanceModel.xcdatamodel */;
			path = FinanceModel.xcdatamodeld;
			sourceTree = "<group>";
			versionGroupType = wrapper.xcdatamodel;
		};
/* End XCVersionGroup section */
	};
	rootObject = ADBD4145272B3B1E00BB3327 /* Project object */;
}
